// !$*UTF8*$!
{
	archiveVersion = 1;
	classes = {
	};
	objectVersion = 56;
	objects = {

/* Begin PBXBuildFile section */
		772D35972AE94F1100038AA6 /* ResetPasswordVC.swift in Sources */ = {isa = PBXBuildFile; fileRef = 772D35962AE94F1100038AA6 /* ResetPasswordVC.swift */; };
		772D359A2AE9DB4C00038AA6 /* ResetPasswordView.swift in Sources */ = {isa = PBXBuildFile; fileRef = 772D35992AE9DB4C00038AA6 /* ResetPasswordView.swift */; };
		772D359C2AEA5DC700038AA6 /* NavigateTabBarController.swift in Sources */ = {isa = PBXBuildFile; fileRef = 772D359B2AEA5DC700038AA6 /* NavigateTabBarController.swift */; };
		772D359E2AEA82CC00038AA6 /* ProjectsVC.swift in Sources */ = {isa = PBXBuildFile; fileRef = 772D359D2AEA82CC00038AA6 /* ProjectsVC.swift */; };
		772D35A32AEA83D400038AA6 /* ClientsVC.swift in Sources */ = {isa = PBXBuildFile; fileRef = 772D35A22AEA83D400038AA6 /* ClientsVC.swift */; };
		772D35A72AEA845300038AA6 /* CourtCasesVC.swift in Sources */ = {isa = PBXBuildFile; fileRef = 772D35A62AEA845300038AA6 /* CourtCasesVC.swift */; };
		772D35AA2AEA84CC00038AA6 /* TasksVC.swift in Sources */ = {isa = PBXBuildFile; fileRef = 772D35A92AEA84CC00038AA6 /* TasksVC.swift */; };
		772D35AC2AEA871700038AA6 /* TabBarItemEnum.swift in Sources */ = {isa = PBXBuildFile; fileRef = 772D35AB2AEA871700038AA6 /* TabBarItemEnum.swift */; };
		772D35AE2AEB2D8C00038AA6 /* FirebaseAuthService.swift in Sources */ = {isa = PBXBuildFile; fileRef = 772D35AD2AEB2D8C00038AA6 /* FirebaseAuthService.swift */; };
		772D35BA2AF05BE500038AA6 /* NavigationBarController.swift in Sources */ = {isa = PBXBuildFile; fileRef = 772D35B92AF05BE500038AA6 /* NavigationBarController.swift */; };
		772D35BC2AF05FB500038AA6 /* BaseNavBarView.swift in Sources */ = {isa = PBXBuildFile; fileRef = 772D35BB2AF05FB500038AA6 /* BaseNavBarView.swift */; };
		772D35BE2AF0648F00038AA6 /* BaseViewContoller.swift in Sources */ = {isa = PBXBuildFile; fileRef = 772D35BD2AF0648F00038AA6 /* BaseViewContoller.swift */; };
		777027A22AE28F5E007CA2B7 /* AppDelegate.swift in Sources */ = {isa = PBXBuildFile; fileRef = 777027A12AE28F5E007CA2B7 /* AppDelegate.swift */; };
		777027A42AE28F5E007CA2B7 /* SceneDelegate.swift in Sources */ = {isa = PBXBuildFile; fileRef = 777027A32AE28F5E007CA2B7 /* SceneDelegate.swift */; };
		777027AB2AE28F61007CA2B7 /* Assets.xcassets in Resources */ = {isa = PBXBuildFile; fileRef = 777027AA2AE28F61007CA2B7 /* Assets.xcassets */; };
		777027AE2AE28F61007CA2B7 /* LaunchScreen.storyboard in Resources */ = {isa = PBXBuildFile; fileRef = 777027AC2AE28F61007CA2B7 /* LaunchScreen.storyboard */; };
		777027B72AE29050007CA2B7 /* Realm in Frameworks */ = {isa = PBXBuildFile; productRef = 777027B62AE29050007CA2B7 /* Realm */; };
		777027B92AE29050007CA2B7 /* RealmSwift in Frameworks */ = {isa = PBXBuildFile; productRef = 777027B82AE29050007CA2B7 /* RealmSwift */; };
		777027C12AE2910D007CA2B7 /* Alamofire in Frameworks */ = {isa = PBXBuildFile; productRef = 777027C02AE2910D007CA2B7 /* Alamofire */; };
		7795AD9C2AE826E1007FC870 /* MainVC.swift in Sources */ = {isa = PBXBuildFile; fileRef = 7795AD9B2AE826E1007FC870 /* MainVC.swift */; };
		7795AD9E2AE8277E007FC870 /* GoogleService-Info.plist in Resources */ = {isa = PBXBuildFile; fileRef = 7795AD9D2AE8277E007FC870 /* GoogleService-Info.plist */; };
		77DB26F52AE5537400944822 /* SignInView.swift in Sources */ = {isa = PBXBuildFile; fileRef = 77DB26F42AE5537400944822 /* SignInView.swift */; };
		77DB26FB2AE5671900944822 /* DS.swift in Sources */ = {isa = PBXBuildFile; fileRef = 77DB26FA2AE5671900944822 /* DS.swift */; };
		77DB26FE2AE56D3600944822 /* AuthTFView.swift in Sources */ = {isa = PBXBuildFile; fileRef = 77DB26FD2AE56D3600944822 /* AuthTFView.swift */; };
		77DB27012AE5814D00944822 /* AuthButton.swift in Sources */ = {isa = PBXBuildFile; fileRef = 77DB27002AE5814D00944822 /* AuthButton.swift */; };
		77DB27112AE5923400944822 /* Manrope-Regular.ttf in Resources */ = {isa = PBXBuildFile; fileRef = 77DB270A2AE5923300944822 /* Manrope-Regular.ttf */; };
		77DB27122AE5923400944822 /* Manrope-Medium.ttf in Resources */ = {isa = PBXBuildFile; fileRef = 77DB270B2AE5923300944822 /* Manrope-Medium.ttf */; };
		77DB27132AE5923400944822 /* Manrope-Light.ttf in Resources */ = {isa = PBXBuildFile; fileRef = 77DB270C2AE5923300944822 /* Manrope-Light.ttf */; };
		77DB27142AE5923400944822 /* Manrope-ExtraLight.ttf in Resources */ = {isa = PBXBuildFile; fileRef = 77DB270D2AE5923300944822 /* Manrope-ExtraLight.ttf */; };
		77DB27152AE5923400944822 /* Manrope-Bold.ttf in Resources */ = {isa = PBXBuildFile; fileRef = 77DB270E2AE5923400944822 /* Manrope-Bold.ttf */; };
		77DB27162AE5923400944822 /* Manrope-SemiBold.ttf in Resources */ = {isa = PBXBuildFile; fileRef = 77DB270F2AE5923400944822 /* Manrope-SemiBold.ttf */; };
		77DB27172AE5923400944822 /* Manrope-ExtraBold.ttf in Resources */ = {isa = PBXBuildFile; fileRef = 77DB27102AE5923400944822 /* Manrope-ExtraBold.ttf */; };
		77DB27192AE597F400944822 /* SignUpView.swift in Sources */ = {isa = PBXBuildFile; fileRef = 77DB27182AE597F400944822 /* SignUpView.swift */; };
		77DB272D2AE5B18200944822 /* UIViewController + DismissGesture.swift in Sources */ = {isa = PBXBuildFile; fileRef = 77DB272C2AE5B18200944822 /* UIViewController + DismissGesture.swift */; };
		77DB27332AE5DFD600944822 /* AuthVC.swift in Sources */ = {isa = PBXBuildFile; fileRef = 77DB27322AE5DFD600944822 /* AuthVC.swift */; };
		77DB273B2AE724DB00944822 /* AuthViewModel.swift in Sources */ = {isa = PBXBuildFile; fileRef = 77DB273A2AE724DB00944822 /* AuthViewModel.swift */; };
		77DB273D2AE72E9D00944822 /* Alert.swift in Sources */ = {isa = PBXBuildFile; fileRef = 77DB273C2AE72E9D00944822 /* Alert.swift */; };
		77E1B6FB2AE2A0290050C868 /* SnapKit in Frameworks */ = {isa = PBXBuildFile; productRef = 77E1B6FA2AE2A0290050C868 /* SnapKit */; };
		77E1B6FE2AE2A43B0050C868 /* FirebaseAnalytics in Frameworks */ = {isa = PBXBuildFile; productRef = 77E1B6FD2AE2A43B0050C868 /* FirebaseAnalytics */; };
		77E1B7002AE2A43B0050C868 /* FirebaseAnalyticsSwift in Frameworks */ = {isa = PBXBuildFile; productRef = 77E1B6FF2AE2A43B0050C868 /* FirebaseAnalyticsSwift */; };
		77E1B7022AE2A43B0050C868 /* FirebaseAuth in Frameworks */ = {isa = PBXBuildFile; productRef = 77E1B7012AE2A43B0050C868 /* FirebaseAuth */; };
		77E1B7042AE2A43B0050C868 /* FirebaseCrashlytics in Frameworks */ = {isa = PBXBuildFile; productRef = 77E1B7032AE2A43B0050C868 /* FirebaseCrashlytics */; };
		77E1B7062AE2A43B0050C868 /* FirebaseDatabase in Frameworks */ = {isa = PBXBuildFile; productRef = 77E1B7052AE2A43B0050C868 /* FirebaseDatabase */; };
		77E1B7082AE2A43B0050C868 /* FirebaseDatabaseSwift in Frameworks */ = {isa = PBXBuildFile; productRef = 77E1B7072AE2A43B0050C868 /* FirebaseDatabaseSwift */; };
		77E1B70A2AE2A43B0050C868 /* FirebaseDynamicLinks in Frameworks */ = {isa = PBXBuildFile; productRef = 77E1B7092AE2A43B0050C868 /* FirebaseDynamicLinks */; };
		77E1B70C2AE2A43B0050C868 /* FirebaseMessaging in Frameworks */ = {isa = PBXBuildFile; productRef = 77E1B70B2AE2A43B0050C868 /* FirebaseMessaging */; };
		77E1B70E2AE2A43B0050C868 /* FirebaseRemoteConfig in Frameworks */ = {isa = PBXBuildFile; productRef = 77E1B70D2AE2A43B0050C868 /* FirebaseRemoteConfig */; };
		77E1B7102AE2A43B0050C868 /* FirebaseRemoteConfigSwift in Frameworks */ = {isa = PBXBuildFile; productRef = 77E1B70F2AE2A43B0050C868 /* FirebaseRemoteConfigSwift */; };
		77E1B7122AE2A43B0050C868 /* FirebaseStorage in Frameworks */ = {isa = PBXBuildFile; productRef = 77E1B7112AE2A43B0050C868 /* FirebaseStorage */; };
/* End PBXBuildFile section */

/* Begin PBXFileReference section */
		772D35962AE94F1100038AA6 /* ResetPasswordVC.swift */ = {isa = PBXFileReference; lastKnownFileType = sourcecode.swift; path = ResetPasswordVC.swift; sourceTree = "<group>"; };
		772D35992AE9DB4C00038AA6 /* ResetPasswordView.swift */ = {isa = PBXFileReference; lastKnownFileType = sourcecode.swift; path = ResetPasswordView.swift; sourceTree = "<group>"; };
		772D359B2AEA5DC700038AA6 /* NavigateTabBarController.swift */ = {isa = PBXFileReference; lastKnownFileType = sourcecode.swift; path = NavigateTabBarController.swift; sourceTree = "<group>"; };
		772D359D2AEA82CC00038AA6 /* ProjectsVC.swift */ = {isa = PBXFileReference; lastKnownFileType = sourcecode.swift; path = ProjectsVC.swift; sourceTree = "<group>"; };
		772D35A22AEA83D400038AA6 /* ClientsVC.swift */ = {isa = PBXFileReference; lastKnownFileType = sourcecode.swift; path = ClientsVC.swift; sourceTree = "<group>"; };
		772D35A62AEA845300038AA6 /* CourtCasesVC.swift */ = {isa = PBXFileReference; lastKnownFileType = sourcecode.swift; path = CourtCasesVC.swift; sourceTree = "<group>"; };
		772D35A92AEA84CC00038AA6 /* TasksVC.swift */ = {isa = PBXFileReference; lastKnownFileType = sourcecode.swift; path = TasksVC.swift; sourceTree = "<group>"; };
		772D35AB2AEA871700038AA6 /* TabBarItemEnum.swift */ = {isa = PBXFileReference; lastKnownFileType = sourcecode.swift; path = TabBarItemEnum.swift; sourceTree = "<group>"; };
		772D35AD2AEB2D8C00038AA6 /* FirebaseAuthService.swift */ = {isa = PBXFileReference; lastKnownFileType = sourcecode.swift; path = FirebaseAuthService.swift; sourceTree = "<group>"; };
		772D35B92AF05BE500038AA6 /* NavigationBarController.swift */ = {isa = PBXFileReference; lastKnownFileType = sourcecode.swift; path = NavigationBarController.swift; sourceTree = "<group>"; };
		772D35BB2AF05FB500038AA6 /* BaseNavBarView.swift */ = {isa = PBXFileReference; lastKnownFileType = sourcecode.swift; path = BaseNavBarView.swift; sourceTree = "<group>"; };
		772D35BD2AF0648F00038AA6 /* BaseViewContoller.swift */ = {isa = PBXFileReference; lastKnownFileType = sourcecode.swift; path = BaseViewContoller.swift; sourceTree = "<group>"; };
		7770279E2AE28F5E007CA2B7 /* Atty.app */ = {isa = PBXFileReference; explicitFileType = wrapper.application; includeInIndex = 0; path = Atty.app; sourceTree = BUILT_PRODUCTS_DIR; };
		777027A12AE28F5E007CA2B7 /* AppDelegate.swift */ = {isa = PBXFileReference; lastKnownFileType = sourcecode.swift; path = AppDelegate.swift; sourceTree = "<group>"; };
		777027A32AE28F5E007CA2B7 /* SceneDelegate.swift */ = {isa = PBXFileReference; lastKnownFileType = sourcecode.swift; path = SceneDelegate.swift; sourceTree = "<group>"; };
		777027AA2AE28F61007CA2B7 /* Assets.xcassets */ = {isa = PBXFileReference; lastKnownFileType = folder.assetcatalog; path = Assets.xcassets; sourceTree = "<group>"; };
		777027AD2AE28F61007CA2B7 /* Base */ = {isa = PBXFileReference; lastKnownFileType = file.storyboard; name = Base; path = Base.lproj/LaunchScreen.storyboard; sourceTree = "<group>"; };
		777027AF2AE28F61007CA2B7 /* Info.plist */ = {isa = PBXFileReference; lastKnownFileType = text.plist.xml; path = Info.plist; sourceTree = "<group>"; };
		7795AD9B2AE826E1007FC870 /* MainVC.swift */ = {isa = PBXFileReference; lastKnownFileType = sourcecode.swift; path = MainVC.swift; sourceTree = "<group>"; };
		7795AD9D2AE8277E007FC870 /* GoogleService-Info.plist */ = {isa = PBXFileReference; fileEncoding = 4; lastKnownFileType = text.plist.xml; path = "GoogleService-Info.plist"; sourceTree = "<group>"; };
		77DB26F42AE5537400944822 /* SignInView.swift */ = {isa = PBXFileReference; lastKnownFileType = sourcecode.swift; path = SignInView.swift; sourceTree = "<group>"; };
		77DB26FA2AE5671900944822 /* DS.swift */ = {isa = PBXFileReference; lastKnownFileType = sourcecode.swift; path = DS.swift; sourceTree = "<group>"; };
		77DB26FD2AE56D3600944822 /* AuthTFView.swift */ = {isa = PBXFileReference; lastKnownFileType = sourcecode.swift; path = AuthTFView.swift; sourceTree = "<group>"; };
		77DB27002AE5814D00944822 /* AuthButton.swift */ = {isa = PBXFileReference; lastKnownFileType = sourcecode.swift; path = AuthButton.swift; sourceTree = "<group>"; };
		77DB270A2AE5923300944822 /* Manrope-Regular.ttf */ = {isa = PBXFileReference; lastKnownFileType = file; path = "Manrope-Regular.ttf"; sourceTree = "<group>"; };
		77DB270B2AE5923300944822 /* Manrope-Medium.ttf */ = {isa = PBXFileReference; lastKnownFileType = file; path = "Manrope-Medium.ttf"; sourceTree = "<group>"; };
		77DB270C2AE5923300944822 /* Manrope-Light.ttf */ = {isa = PBXFileReference; lastKnownFileType = file; path = "Manrope-Light.ttf"; sourceTree = "<group>"; };
		77DB270D2AE5923300944822 /* Manrope-ExtraLight.ttf */ = {isa = PBXFileReference; lastKnownFileType = file; path = "Manrope-ExtraLight.ttf"; sourceTree = "<group>"; };
		77DB270E2AE5923400944822 /* Manrope-Bold.ttf */ = {isa = PBXFileReference; lastKnownFileType = file; path = "Manrope-Bold.ttf"; sourceTree = "<group>"; };
		77DB270F2AE5923400944822 /* Manrope-SemiBold.ttf */ = {isa = PBXFileReference; lastKnownFileType = file; path = "Manrope-SemiBold.ttf"; sourceTree = "<group>"; };
		77DB27102AE5923400944822 /* Manrope-ExtraBold.ttf */ = {isa = PBXFileReference; lastKnownFileType = file; path = "Manrope-ExtraBold.ttf"; sourceTree = "<group>"; };
		77DB27182AE597F400944822 /* SignUpView.swift */ = {isa = PBXFileReference; lastKnownFileType = sourcecode.swift; path = SignUpView.swift; sourceTree = "<group>"; };
		77DB272C2AE5B18200944822 /* UIViewController + DismissGesture.swift */ = {isa = PBXFileReference; lastKnownFileType = sourcecode.swift; path = "UIViewController + DismissGesture.swift"; sourceTree = "<group>"; };
		77DB27322AE5DFD600944822 /* AuthVC.swift */ = {isa = PBXFileReference; lastKnownFileType = sourcecode.swift; path = AuthVC.swift; sourceTree = "<group>"; };
		77DB273A2AE724DB00944822 /* AuthViewModel.swift */ = {isa = PBXFileReference; lastKnownFileType = sourcecode.swift; path = AuthViewModel.swift; sourceTree = "<group>"; };
		77DB273C2AE72E9D00944822 /* Alert.swift */ = {isa = PBXFileReference; lastKnownFileType = sourcecode.swift; path = Alert.swift; sourceTree = "<group>"; };
/* End PBXFileReference section */

/* Begin PBXFrameworksBuildPhase section */
		7770279B2AE28F5E007CA2B7 /* Frameworks */ = {
			isa = PBXFrameworksBuildPhase;
			buildActionMask = 2147483647;
			files = (
				77E1B70C2AE2A43B0050C868 /* FirebaseMessaging in Frameworks */,
				77E1B7082AE2A43B0050C868 /* FirebaseDatabaseSwift in Frameworks */,
				77E1B70A2AE2A43B0050C868 /* FirebaseDynamicLinks in Frameworks */,
				77E1B7102AE2A43B0050C868 /* FirebaseRemoteConfigSwift in Frameworks */,
				77E1B7002AE2A43B0050C868 /* FirebaseAnalyticsSwift in Frameworks */,
				777027C12AE2910D007CA2B7 /* Alamofire in Frameworks */,
				77E1B6FB2AE2A0290050C868 /* SnapKit in Frameworks */,
				777027B92AE29050007CA2B7 /* RealmSwift in Frameworks */,
				77E1B7122AE2A43B0050C868 /* FirebaseStorage in Frameworks */,
				77E1B6FE2AE2A43B0050C868 /* FirebaseAnalytics in Frameworks */,
				77E1B7042AE2A43B0050C868 /* FirebaseCrashlytics in Frameworks */,
				77E1B7062AE2A43B0050C868 /* FirebaseDatabase in Frameworks */,
				77E1B70E2AE2A43B0050C868 /* FirebaseRemoteConfig in Frameworks */,
				77E1B7022AE2A43B0050C868 /* FirebaseAuth in Frameworks */,
				777027B72AE29050007CA2B7 /* Realm in Frameworks */,
			);
			runOnlyForDeploymentPostprocessing = 0;
		};
/* End PBXFrameworksBuildPhase section */

/* Begin PBXGroup section */
		772D35982AE9DB0B00038AA6 /* Auth */ = {
			isa = PBXGroup;
			children = (
				77DB26F42AE5537400944822 /* SignInView.swift */,
				77DB27182AE597F400944822 /* SignUpView.swift */,
				772D35992AE9DB4C00038AA6 /* ResetPasswordView.swift */,
			);
			path = Auth;
			sourceTree = "<group>";
		};
		772D359F2AEA82D700038AA6 /* Auth */ = {
			isa = PBXGroup;
			children = (
				77DB27322AE5DFD600944822 /* AuthVC.swift */,
				772D35962AE94F1100038AA6 /* ResetPasswordVC.swift */,
			);
			path = Auth;
			sourceTree = "<group>";
		};
		772D35A02AEA830500038AA6 /* Projects */ = {
			isa = PBXGroup;
			children = (
				772D359D2AEA82CC00038AA6 /* ProjectsVC.swift */,
			);
			path = Projects;
			sourceTree = "<group>";
		};
		772D35A12AEA83BD00038AA6 /* Clients */ = {
			isa = PBXGroup;
			children = (
				772D35A22AEA83D400038AA6 /* ClientsVC.swift */,
			);
			path = Clients;
			sourceTree = "<group>";
		};
		772D35A42AEA842300038AA6 /* Main */ = {
			isa = PBXGroup;
			children = (
				7795AD9B2AE826E1007FC870 /* MainVC.swift */,
			);
			path = Main;
			sourceTree = "<group>";
		};
		772D35A52AEA843600038AA6 /* CourtCases */ = {
			isa = PBXGroup;
			children = (
				772D35A62AEA845300038AA6 /* CourtCasesVC.swift */,
			);
			path = CourtCases;
			sourceTree = "<group>";
		};
		772D35A82AEA84A800038AA6 /* Tasks */ = {
			isa = PBXGroup;
			children = (
				772D35A92AEA84CC00038AA6 /* TasksVC.swift */,
			);
			path = Tasks;
			sourceTree = "<group>";
		};
		777027952AE28F5E007CA2B7 = {
			isa = PBXGroup;
			children = (
				777027A02AE28F5E007CA2B7 /* Atty */,
				7770279F2AE28F5E007CA2B7 /* Products */,
			);
			sourceTree = "<group>";
		};
		7770279F2AE28F5E007CA2B7 /* Products */ = {
			isa = PBXGroup;
			children = (
				7770279E2AE28F5E007CA2B7 /* Atty.app */,
			);
			name = Products;
			sourceTree = "<group>";
		};
		777027A02AE28F5E007CA2B7 /* Atty */ = {
			isa = PBXGroup;
			children = (
				77E1B7132AE2A5220050C868 /* Aplication */,
				7795AD972AE82635007FC870 /* Models */,
				77DB26F32AE5531000944822 /* Views */,
				77DB271A2AE59D3900944822 /* ViewModels */,
				77DB271D2AE59D7F00944822 /* Controllers */,
				77DB27292AE5B04900944822 /* Extensions */,
				77DB26F62AE5577400944822 /* Helpers */,
				77DB26F92AE55C5000944822 /* SupportingFiles */,
			);
			path = Atty;
			sourceTree = "<group>";
		};
		7795AD972AE82635007FC870 /* Models */ = {
			isa = PBXGroup;
			children = (
				7795AD982AE8263D007FC870 /* Services */,
			);
			path = Models;
			sourceTree = "<group>";
		};
		7795AD982AE8263D007FC870 /* Services */ = {
			isa = PBXGroup;
			children = (
				772D35AD2AEB2D8C00038AA6 /* FirebaseAuthService.swift */,
			);
			path = Services;
			sourceTree = "<group>";
		};
		77DB26F32AE5531000944822 /* Views */ = {
			isa = PBXGroup;
			children = (
				772D35982AE9DB0B00038AA6 /* Auth */,
			);
			path = Views;
			sourceTree = "<group>";
		};
		77DB26F62AE5577400944822 /* Helpers */ = {
			isa = PBXGroup;
			children = (
				77DB26FA2AE5671900944822 /* DS.swift */,
				77DB26FF2AE5812C00944822 /* CustomComponents */,
				77DB26FC2AE56D1100944822 /* CustomViews */,
				772D35AB2AEA871700038AA6 /* TabBarItemEnum.swift */,
			);
			path = Helpers;
			sourceTree = "<group>";
		};
		77DB26F92AE55C5000944822 /* SupportingFiles */ = {
			isa = PBXGroup;
			children = (
				7795AD9D2AE8277E007FC870 /* GoogleService-Info.plist */,
				77DB27022AE58EE600944822 /* Fonts */,
				777027AA2AE28F61007CA2B7 /* Assets.xcassets */,
				777027AC2AE28F61007CA2B7 /* LaunchScreen.storyboard */,
				777027AF2AE28F61007CA2B7 /* Info.plist */,
			);
			path = SupportingFiles;
			sourceTree = "<group>";
		};
		77DB26FC2AE56D1100944822 /* CustomViews */ = {
			isa = PBXGroup;
			children = (
				77DB26FD2AE56D3600944822 /* AuthTFView.swift */,
				772D35BB2AF05FB500038AA6 /* BaseNavBarView.swift */,
			);
			path = CustomViews;
			sourceTree = "<group>";
		};
		77DB26FF2AE5812C00944822 /* CustomComponents */ = {
			isa = PBXGroup;
			children = (
				77DB27002AE5814D00944822 /* AuthButton.swift */,
				77DB273C2AE72E9D00944822 /* Alert.swift */,
			);
			path = CustomComponents;
			sourceTree = "<group>";
		};
		77DB27022AE58EE600944822 /* Fonts */ = {
			isa = PBXGroup;
			children = (
				77DB270E2AE5923400944822 /* Manrope-Bold.ttf */,
				77DB27102AE5923400944822 /* Manrope-ExtraBold.ttf */,
				77DB270D2AE5923300944822 /* Manrope-ExtraLight.ttf */,
				77DB270C2AE5923300944822 /* Manrope-Light.ttf */,
				77DB270B2AE5923300944822 /* Manrope-Medium.ttf */,
				77DB270A2AE5923300944822 /* Manrope-Regular.ttf */,
				77DB270F2AE5923400944822 /* Manrope-SemiBold.ttf */,
			);
			path = Fonts;
			sourceTree = "<group>";
		};
		77DB271A2AE59D3900944822 /* ViewModels */ = {
			isa = PBXGroup;
			children = (
				77DB273A2AE724DB00944822 /* AuthViewModel.swift */,
			);
			path = ViewModels;
			sourceTree = "<group>";
		};
		77DB271D2AE59D7F00944822 /* Controllers */ = {
			isa = PBXGroup;
			children = (
				772D359F2AEA82D700038AA6 /* Auth */,
				772D35A42AEA842300038AA6 /* Main */,
				772D35A02AEA830500038AA6 /* Projects */,
				772D35A12AEA83BD00038AA6 /* Clients */,
				772D35A52AEA843600038AA6 /* CourtCases */,
				772D35A82AEA84A800038AA6 /* Tasks */,
				772D359B2AEA5DC700038AA6 /* NavigateTabBarController.swift */,
				772D35B92AF05BE500038AA6 /* NavigationBarController.swift */,
				772D35BD2AF0648F00038AA6 /* BaseViewContoller.swift */,
			);
			path = Controllers;
			sourceTree = "<group>";
		};
		77DB27292AE5B04900944822 /* Extensions */ = {
			isa = PBXGroup;
			children = (
				77DB272C2AE5B18200944822 /* UIViewController + DismissGesture.swift */,
			);
			path = Extensions;
			sourceTree = "<group>";
		};
		77E1B7132AE2A5220050C868 /* Aplication */ = {
			isa = PBXGroup;
			children = (
				777027A12AE28F5E007CA2B7 /* AppDelegate.swift */,
				777027A32AE28F5E007CA2B7 /* SceneDelegate.swift */,
			);
			path = Aplication;
			sourceTree = "<group>";
		};
/* End PBXGroup section */

/* Begin PBXNativeTarget section */
		7770279D2AE28F5E007CA2B7 /* Atty */ = {
			isa = PBXNativeTarget;
			buildConfigurationList = 777027B22AE28F61007CA2B7 /* Build configuration list for PBXNativeTarget "Atty" */;
			buildPhases = (
				7770279A2AE28F5E007CA2B7 /* Sources */,
				7770279B2AE28F5E007CA2B7 /* Frameworks */,
				7770279C2AE28F5E007CA2B7 /* Resources */,
			);
			buildRules = (
			);
			dependencies = (
			);
			name = Atty;
			packageProductDependencies = (
				777027B62AE29050007CA2B7 /* Realm */,
				777027B82AE29050007CA2B7 /* RealmSwift */,
				777027C02AE2910D007CA2B7 /* Alamofire */,
				77E1B6FA2AE2A0290050C868 /* SnapKit */,
				77E1B6FD2AE2A43B0050C868 /* FirebaseAnalytics */,
				77E1B6FF2AE2A43B0050C868 /* FirebaseAnalyticsSwift */,
				77E1B7012AE2A43B0050C868 /* FirebaseAuth */,
				77E1B7032AE2A43B0050C868 /* FirebaseCrashlytics */,
				77E1B7052AE2A43B0050C868 /* FirebaseDatabase */,
				77E1B7072AE2A43B0050C868 /* FirebaseDatabaseSwift */,
				77E1B7092AE2A43B0050C868 /* FirebaseDynamicLinks */,
				77E1B70B2AE2A43B0050C868 /* FirebaseMessaging */,
				77E1B70D2AE2A43B0050C868 /* FirebaseRemoteConfig */,
				77E1B70F2AE2A43B0050C868 /* FirebaseRemoteConfigSwift */,
				77E1B7112AE2A43B0050C868 /* FirebaseStorage */,
			);
			productName = Atty;
			productReference = 7770279E2AE28F5E007CA2B7 /* Atty.app */;
			productType = "com.apple.product-type.application";
		};
/* End PBXNativeTarget section */

/* Begin PBXProject section */
		777027962AE28F5E007CA2B7 /* Project object */ = {
			isa = PBXProject;
			attributes = {
				BuildIndependentTargetsInParallel = 1;
				LastSwiftUpdateCheck = 1430;
				LastUpgradeCheck = 1430;
				TargetAttributes = {
					7770279D2AE28F5E007CA2B7 = {
						CreatedOnToolsVersion = 14.3.1;
					};
				};
			};
			buildConfigurationList = 777027992AE28F5E007CA2B7 /* Build configuration list for PBXProject "Atty" */;
			compatibilityVersion = "Xcode 14.0";
			developmentRegion = en;
			hasScannedForEncodings = 0;
			knownRegions = (
				en,
				Base,
			);
			mainGroup = 777027952AE28F5E007CA2B7;
			packageReferences = (
				777027B52AE29050007CA2B7 /* XCRemoteSwiftPackageReference "realm-swift" */,
				777027BF2AE2910D007CA2B7 /* XCRemoteSwiftPackageReference "Alamofire" */,
				77E1B6F92AE2A0290050C868 /* XCRemoteSwiftPackageReference "SnapKit" */,
				77E1B6FC2AE2A43A0050C868 /* XCRemoteSwiftPackageReference "firebase-ios-sdk" */,
			);
			productRefGroup = 7770279F2AE28F5E007CA2B7 /* Products */;
			projectDirPath = "";
			projectRoot = "";
			targets = (
				7770279D2AE28F5E007CA2B7 /* Atty */,
			);
		};
/* End PBXProject section */

/* Begin PBXResourcesBuildPhase section */
		7770279C2AE28F5E007CA2B7 /* Resources */ = {
			isa = PBXResourcesBuildPhase;
			buildActionMask = 2147483647;
			files = (
				77DB27172AE5923400944822 /* Manrope-ExtraBold.ttf in Resources */,
				777027AE2AE28F61007CA2B7 /* LaunchScreen.storyboard in Resources */,
				77DB27142AE5923400944822 /* Manrope-ExtraLight.ttf in Resources */,
				777027AB2AE28F61007CA2B7 /* Assets.xcassets in Resources */,
				77DB27152AE5923400944822 /* Manrope-Bold.ttf in Resources */,
				77DB27122AE5923400944822 /* Manrope-Medium.ttf in Resources */,
				77DB27112AE5923400944822 /* Manrope-Regular.ttf in Resources */,
				7795AD9E2AE8277E007FC870 /* GoogleService-Info.plist in Resources */,
				77DB27162AE5923400944822 /* Manrope-SemiBold.ttf in Resources */,
				77DB27132AE5923400944822 /* Manrope-Light.ttf in Resources */,
			);
			runOnlyForDeploymentPostprocessing = 0;
		};
/* End PBXResourcesBuildPhase section */

/* Begin PBXSourcesBuildPhase section */
		7770279A2AE28F5E007CA2B7 /* Sources */ = {
			isa = PBXSourcesBuildPhase;
			buildActionMask = 2147483647;
			files = (
				77DB26FE2AE56D3600944822 /* AuthTFView.swift in Sources */,
				77DB27012AE5814D00944822 /* AuthButton.swift in Sources */,
				777027A22AE28F5E007CA2B7 /* AppDelegate.swift in Sources */,
				772D359A2AE9DB4C00038AA6 /* ResetPasswordView.swift in Sources */,
				772D35AE2AEB2D8C00038AA6 /* FirebaseAuthService.swift in Sources */,
				77DB27192AE597F400944822 /* SignUpView.swift in Sources */,
				77DB27332AE5DFD600944822 /* AuthVC.swift in Sources */,
				772D35A72AEA845300038AA6 /* CourtCasesVC.swift in Sources */,
				772D359E2AEA82CC00038AA6 /* ProjectsVC.swift in Sources */,
				772D35A32AEA83D400038AA6 /* ClientsVC.swift in Sources */,
				772D35AC2AEA871700038AA6 /* TabBarItemEnum.swift in Sources */,
				77DB26F52AE5537400944822 /* SignInView.swift in Sources */,
				772D35AA2AEA84CC00038AA6 /* TasksVC.swift in Sources */,
				772D35BA2AF05BE500038AA6 /* NavigationBarController.swift in Sources */,
				77DB273D2AE72E9D00944822 /* Alert.swift in Sources */,
				77DB26FB2AE5671900944822 /* DS.swift in Sources */,
				77DB273B2AE724DB00944822 /* AuthViewModel.swift in Sources */,
				777027A42AE28F5E007CA2B7 /* SceneDelegate.swift in Sources */,
				772D35972AE94F1100038AA6 /* ResetPasswordVC.swift in Sources */,
				772D35BE2AF0648F00038AA6 /* BaseViewContoller.swift in Sources */,
				77DB272D2AE5B18200944822 /* UIViewController + DismissGesture.swift in Sources */,
				772D359C2AEA5DC700038AA6 /* NavigateTabBarController.swift in Sources */,
				7795AD9C2AE826E1007FC870 /* MainVC.swift in Sources */,
				772D35BC2AF05FB500038AA6 /* BaseNavBarView.swift in Sources */,
			);
			runOnlyForDeploymentPostprocessing = 0;
		};
/* End PBXSourcesBuildPhase section */

/* Begin PBXVariantGroup section */
		777027AC2AE28F61007CA2B7 /* LaunchScreen.storyboard */ = {
			isa = PBXVariantGroup;
			children = (
				777027AD2AE28F61007CA2B7 /* Base */,
			);
			name = LaunchScreen.storyboard;
			sourceTree = "<group>";
		};
/* End PBXVariantGroup section */

/* Begin XCBuildConfiguration section */
		777027B02AE28F61007CA2B7 /* Debug */ = {
			isa = XCBuildConfiguration;
			buildSettings = {
				ALWAYS_SEARCH_USER_PATHS = NO;
				CLANG_ANALYZER_NONNULL = YES;
				CLANG_ANALYZER_NUMBER_OBJECT_CONVERSION = YES_AGGRESSIVE;
				CLANG_CXX_LANGUAGE_STANDARD = "gnu++20";
				CLANG_ENABLE_MODULES = YES;
				CLANG_ENABLE_OBJC_ARC = YES;
				CLANG_ENABLE_OBJC_WEAK = YES;
				CLANG_WARN_BLOCK_CAPTURE_AUTORELEASING = YES;
				CLANG_WARN_BOOL_CONVERSION = YES;
				CLANG_WARN_COMMA = YES;
				CLANG_WARN_CONSTANT_CONVERSION = YES;
				CLANG_WARN_DEPRECATED_OBJC_IMPLEMENTATIONS = YES;
				CLANG_WARN_DIRECT_OBJC_ISA_USAGE = YES_ERROR;
				CLANG_WARN_DOCUMENTATION_COMMENTS = YES;
				CLANG_WARN_EMPTY_BODY = YES;
				CLANG_WARN_ENUM_CONVERSION = YES;
				CLANG_WARN_INFINITE_RECURSION = YES;
				CLANG_WARN_INT_CONVERSION = YES;
				CLANG_WARN_NON_LITERAL_NULL_CONVERSION = YES;
				CLANG_WARN_OBJC_IMPLICIT_RETAIN_SELF = YES;
				CLANG_WARN_OBJC_LITERAL_CONVERSION = YES;
				CLANG_WARN_OBJC_ROOT_CLASS = YES_ERROR;
				CLANG_WARN_QUOTED_INCLUDE_IN_FRAMEWORK_HEADER = YES;
				CLANG_WARN_RANGE_LOOP_ANALYSIS = YES;
				CLANG_WARN_STRICT_PROTOTYPES = YES;
				CLANG_WARN_SUSPICIOUS_MOVE = YES;
				CLANG_WARN_UNGUARDED_AVAILABILITY = YES_AGGRESSIVE;
				CLANG_WARN_UNREACHABLE_CODE = YES;
				CLANG_WARN__DUPLICATE_METHOD_MATCH = YES;
				COPY_PHASE_STRIP = NO;
				DEBUG_INFORMATION_FORMAT = dwarf;
				ENABLE_STRICT_OBJC_MSGSEND = YES;
				ENABLE_TESTABILITY = YES;
				GCC_C_LANGUAGE_STANDARD = gnu11;
				GCC_DYNAMIC_NO_PIC = NO;
				GCC_NO_COMMON_BLOCKS = YES;
				GCC_OPTIMIZATION_LEVEL = 0;
				GCC_PREPROCESSOR_DEFINITIONS = (
					"DEBUG=1",
					"$(inherited)",
				);
				GCC_WARN_64_TO_32_BIT_CONVERSION = YES;
				GCC_WARN_ABOUT_RETURN_TYPE = YES_ERROR;
				GCC_WARN_UNDECLARED_SELECTOR = YES;
				GCC_WARN_UNINITIALIZED_AUTOS = YES_AGGRESSIVE;
				GCC_WARN_UNUSED_FUNCTION = YES;
				GCC_WARN_UNUSED_VARIABLE = YES;
				IPHONEOS_DEPLOYMENT_TARGET = 16.4;
				MTL_ENABLE_DEBUG_INFO = INCLUDE_SOURCE;
				MTL_FAST_MATH = YES;
				ONLY_ACTIVE_ARCH = YES;
				SDKROOT = iphoneos;
				SWIFT_ACTIVE_COMPILATION_CONDITIONS = DEBUG;
				SWIFT_OPTIMIZATION_LEVEL = "-Onone";
			};
			name = Debug;
		};
		777027B12AE28F61007CA2B7 /* Release */ = {
			isa = XCBuildConfiguration;
			buildSettings = {
				ALWAYS_SEARCH_USER_PATHS = NO;
				CLANG_ANALYZER_NONNULL = YES;
				CLANG_ANALYZER_NUMBER_OBJECT_CONVERSION = YES_AGGRESSIVE;
				CLANG_CXX_LANGUAGE_STANDARD = "gnu++20";
				CLANG_ENABLE_MODULES = YES;
				CLANG_ENABLE_OBJC_ARC = YES;
				CLANG_ENABLE_OBJC_WEAK = YES;
				CLANG_WARN_BLOCK_CAPTURE_AUTORELEASING = YES;
				CLANG_WARN_BOOL_CONVERSION = YES;
				CLANG_WARN_COMMA = YES;
				CLANG_WARN_CONSTANT_CONVERSION = YES;
				CLANG_WARN_DEPRECATED_OBJC_IMPLEMENTATIONS = YES;
				CLANG_WARN_DIRECT_OBJC_ISA_USAGE = YES_ERROR;
				CLANG_WARN_DOCUMENTATION_COMMENTS = YES;
				CLANG_WARN_EMPTY_BODY = YES;
				CLANG_WARN_ENUM_CONVERSION = YES;
				CLANG_WARN_INFINITE_RECURSION = YES;
				CLANG_WARN_INT_CONVERSION = YES;
				CLANG_WARN_NON_LITERAL_NULL_CONVERSION = YES;
				CLANG_WARN_OBJC_IMPLICIT_RETAIN_SELF = YES;
				CLANG_WARN_OBJC_LITERAL_CONVERSION = YES;
				CLANG_WARN_OBJC_ROOT_CLASS = YES_ERROR;
				CLANG_WARN_QUOTED_INCLUDE_IN_FRAMEWORK_HEADER = YES;
				CLANG_WARN_RANGE_LOOP_ANALYSIS = YES;
				CLANG_WARN_STRICT_PROTOTYPES = YES;
				CLANG_WARN_SUSPICIOUS_MOVE = YES;
				CLANG_WARN_UNGUARDED_AVAILABILITY = YES_AGGRESSIVE;
				CLANG_WARN_UNREACHABLE_CODE = YES;
				CLANG_WARN__DUPLICATE_METHOD_MATCH = YES;
				COPY_PHASE_STRIP = NO;
				DEBUG_INFORMATION_FORMAT = "dwarf-with-dsym";
				ENABLE_NS_ASSERTIONS = NO;
				ENABLE_STRICT_OBJC_MSGSEND = YES;
				GCC_C_LANGUAGE_STANDARD = gnu11;
				GCC_NO_COMMON_BLOCKS = YES;
				GCC_WARN_64_TO_32_BIT_CONVERSION = YES;
				GCC_WARN_ABOUT_RETURN_TYPE = YES_ERROR;
				GCC_WARN_UNDECLARED_SELECTOR = YES;
				GCC_WARN_UNINITIALIZED_AUTOS = YES_AGGRESSIVE;
				GCC_WARN_UNUSED_FUNCTION = YES;
				GCC_WARN_UNUSED_VARIABLE = YES;
				IPHONEOS_DEPLOYMENT_TARGET = 16.4;
				MTL_ENABLE_DEBUG_INFO = NO;
				MTL_FAST_MATH = YES;
				SDKROOT = iphoneos;
				SWIFT_COMPILATION_MODE = wholemodule;
				SWIFT_OPTIMIZATION_LEVEL = "-O";
				VALIDATE_PRODUCT = YES;
			};
			name = Release;
		};
		777027B32AE28F61007CA2B7 /* Debug */ = {
			isa = XCBuildConfiguration;
			buildSettings = {
				ASSETCATALOG_COMPILER_APPICON_NAME = AppIcon;
				ASSETCATALOG_COMPILER_GLOBAL_ACCENT_COLOR_NAME = AccentColor;
				CODE_SIGN_STYLE = Automatic;
				CURRENT_PROJECT_VERSION = 1;
				DEVELOPMENT_TEAM = HHTA648R26;
				GENERATE_INFOPLIST_FILE = YES;
				INFOPLIST_FILE = Atty/SupportingFiles/Info.plist;
				INFOPLIST_KEY_CFBundleDisplayName = Atty;
				INFOPLIST_KEY_UIApplicationSupportsIndirectInputEvents = YES;
				INFOPLIST_KEY_UILaunchStoryboardName = LaunchScreen;
				INFOPLIST_KEY_UIMainStoryboardFile = "";
				INFOPLIST_KEY_UISupportedInterfaceOrientations = UIInterfaceOrientationPortrait;
				IPHONEOS_DEPLOYMENT_TARGET = 15.0;
				LD_RUNPATH_SEARCH_PATHS = (
					"$(inherited)",
					"@executable_path/Frameworks",
				);
				MARKETING_VERSION = 1.0;
				PRODUCT_BUNDLE_IDENTIFIER = meeel.Atty;
				PRODUCT_NAME = "$(TARGET_NAME)";
				SWIFT_EMIT_LOC_STRINGS = YES;
				SWIFT_VERSION = 5.0;
				TARGETED_DEVICE_FAMILY = "1,2";
			};
			name = Debug;
		};
		777027B42AE28F61007CA2B7 /* Release */ = {
			isa = XCBuildConfiguration;
			buildSettings = {
				ASSETCATALOG_COMPILER_APPICON_NAME = AppIcon;
				ASSETCATALOG_COMPILER_GLOBAL_ACCENT_COLOR_NAME = AccentColor;
				CODE_SIGN_STYLE = Automatic;
				CURRENT_PROJECT_VERSION = 1;
				DEVELOPMENT_TEAM = HHTA648R26;
				GENERATE_INFOPLIST_FILE = YES;
				INFOPLIST_FILE = Atty/SupportingFiles/Info.plist;
				INFOPLIST_KEY_CFBundleDisplayName = Atty;
				INFOPLIST_KEY_UIApplicationSupportsIndirectInputEvents = YES;
				INFOPLIST_KEY_UILaunchStoryboardName = LaunchScreen;
				INFOPLIST_KEY_UIMainStoryboardFile = "";
				INFOPLIST_KEY_UISupportedInterfaceOrientations = UIInterfaceOrientationPortrait;
				IPHONEOS_DEPLOYMENT_TARGET = 15.0;
				LD_RUNPATH_SEARCH_PATHS = (
					"$(inherited)",
					"@executable_path/Frameworks",
				);
				MARKETING_VERSION = 1.0;
				PRODUCT_BUNDLE_IDENTIFIER = meeel.Atty;
				PRODUCT_NAME = "$(TARGET_NAME)";
				SWIFT_EMIT_LOC_STRINGS = YES;
				SWIFT_VERSION = 5.0;
				TARGETED_DEVICE_FAMILY = "1,2";
			};
			name = Release;
		};
/* End XCBuildConfiguration section */

/* Begin XCConfigurationList section */
		777027992AE28F5E007CA2B7 /* Build configuration list for PBXProject "Atty" */ = {
			isa = XCConfigurationList;
			buildConfigurations = (
				777027B02AE28F61007CA2B7 /* Debug */,
				777027B12AE28F61007CA2B7 /* Release */,
			);
			defaultConfigurationIsVisible = 0;
			defaultConfigurationName = Release;
		};
		777027B22AE28F61007CA2B7 /* Build configuration list for PBXNativeTarget "Atty" */ = {
			isa = XCConfigurationList;
			buildConfigurations = (
				777027B32AE28F61007CA2B7 /* Debug */,
				777027B42AE28F61007CA2B7 /* Release */,
			);
			defaultConfigurationIsVisible = 0;
			defaultConfigurationName = Release;
		};
/* End XCConfigurationList section */

/* Begin XCRemoteSwiftPackageReference section */
		777027B52AE29050007CA2B7 /* XCRemoteSwiftPackageReference "realm-swift" */ = {
			isa = XCRemoteSwiftPackageReference;
			repositoryURL = "https://github.com/realm/realm-swift.git";
			requirement = {
				branch = master;
				kind = branch;
			};
		};
		777027BF2AE2910D007CA2B7 /* XCRemoteSwiftPackageReference "Alamofire" */ = {
			isa = XCRemoteSwiftPackageReference;
			repositoryURL = "https://github.com/Alamofire/Alamofire.git";
			requirement = {
				kind = upToNextMajorVersion;
				minimumVersion = 5.0.0;
			};
		};
		77E1B6F92AE2A0290050C868 /* XCRemoteSwiftPackageReference "SnapKit" */ = {
			isa = XCRemoteSwiftPackageReference;
			repositoryURL = "https://github.com/SnapKit/SnapKit.git";
			requirement = {
				kind = upToNextMajorVersion;
				minimumVersion = 5.0.0;
			};
		};
		77E1B6FC2AE2A43A0050C868 /* XCRemoteSwiftPackageReference "firebase-ios-sdk" */ = {
			isa = XCRemoteSwiftPackageReference;
			repositoryURL = "https://github.com/firebase/firebase-ios-sdk.git";
			requirement = {
				kind = upToNextMajorVersion;
				minimumVersion = 10.0.0;
			};
		};
/* End XCRemoteSwiftPackageReference section */

/* Begin XCSwiftPackageProductDependency section */
		777027B62AE29050007CA2B7 /* Realm */ = {
			isa = XCSwiftPackageProductDependency;
			package = 777027B52AE29050007CA2B7 /* XCRemoteSwiftPackageReference "realm-swift" */;
			productName = Realm;
		};
		777027B82AE29050007CA2B7 /* RealmSwift */ = {
			isa = XCSwiftPackageProductDependency;
			package = 777027B52AE29050007CA2B7 /* XCRemoteSwiftPackageReference "realm-swift" */;
			productName = RealmSwift;
		};
		777027C02AE2910D007CA2B7 /* Alamofire */ = {
			isa = XCSwiftPackageProductDependency;
			package = 777027BF2AE2910D007CA2B7 /* XCRemoteSwiftPackageReference "Alamofire" */;
			productName = Alamofire;
		};
		77E1B6FA2AE2A0290050C868 /* SnapKit */ = {
			isa = XCSwiftPackageProductDependency;
			package = 77E1B6F92AE2A0290050C868 /* XCRemoteSwiftPackageReference "SnapKit" */;
			productName = SnapKit;
		};
		77E1B6FD2AE2A43B0050C868 /* FirebaseAnalytics */ = {
			isa = XCSwiftPackageProductDependency;
			package = 77E1B6FC2AE2A43A0050C868 /* XCRemoteSwiftPackageReference "firebase-ios-sdk" */;
			productName = FirebaseAnalytics;
		};
		77E1B6FF2AE2A43B0050C868 /* FirebaseAnalyticsSwift */ = {
			isa = XCSwiftPackageProductDependency;
			package = 77E1B6FC2AE2A43A0050C868 /* XCRemoteSwiftPackageReference "firebase-ios-sdk" */;
			productName = FirebaseAnalyticsSwift;
		};
		77E1B7012AE2A43B0050C868 /* FirebaseAuth */ = {
			isa = XCSwiftPackageProductDependency;
			package = 77E1B6FC2AE2A43A0050C868 /* XCRemoteSwiftPackageReference "firebase-ios-sdk" */;
			productName = FirebaseAuth;
		};
		77E1B7032AE2A43B0050C868 /* FirebaseCrashlytics */ = {
			isa = XCSwiftPackageProductDependency;
			package = 77E1B6FC2AE2A43A0050C868 /* XCRemoteSwiftPackageReference "firebase-ios-sdk" */;
			productName = FirebaseCrashlytics;
		};
		77E1B7052AE2A43B0050C868 /* FirebaseDatabase */ = {
			isa = XCSwiftPackageProductDependency;
			package = 77E1B6FC2AE2A43A0050C868 /* XCRemoteSwiftPackageReference "firebase-ios-sdk" */;
			productName = FirebaseDatabase;
		};
		77E1B7072AE2A43B0050C868 /* FirebaseDatabaseSwift */ = {
			isa = XCSwiftPackageProductDependency;
			package = 77E1B6FC2AE2A43A0050C868 /* XCRemoteSwiftPackageReference "firebase-ios-sdk" */;
			productName = FirebaseDatabaseSwift;
		};
		77E1B7092AE2A43B0050C868 /* FirebaseDynamicLinks */ = {
			isa = XCSwiftPackageProductDependency;
			package = 77E1B6FC2AE2A43A0050C868 /* XCRemoteSwiftPackageReference "firebase-ios-sdk" */;
			productName = FirebaseDynamicLinks;
		};
		77E1B70B2AE2A43B0050C868 /* FirebaseMessaging */ = {
			isa = XCSwiftPackageProductDependency;
			package = 77E1B6FC2AE2A43A0050C868 /* XCRemoteSwiftPackageReference "firebase-ios-sdk" */;
			productName = FirebaseMessaging;
		};
		77E1B70D2AE2A43B0050C868 /* FirebaseRemoteConfig */ = {
			isa = XCSwiftPackageProductDependency;
			package = 77E1B6FC2AE2A43A0050C868 /* XCRemoteSwiftPackageReference "firebase-ios-sdk" */;
			productName = FirebaseRemoteConfig;
		};
		77E1B70F2AE2A43B0050C868 /* FirebaseRemoteConfigSwift */ = {
			isa = XCSwiftPackageProductDependency;
			package = 77E1B6FC2AE2A43A0050C868 /* XCRemoteSwiftPackageReference "firebase-ios-sdk" */;
			productName = FirebaseRemoteConfigSwift;
		};
		77E1B7112AE2A43B0050C868 /* FirebaseStorage */ = {
			isa = XCSwiftPackageProductDependency;
			package = 77E1B6FC2AE2A43A0050C868 /* XCRemoteSwiftPackageReference "firebase-ios-sdk" */;
			productName = FirebaseStorage;
		};
/* End XCSwiftPackageProductDependency section */
	};
	rootObject = 777027962AE28F5E007CA2B7 /* Project object */;
}
