// !$*UTF8*$!
{
	archiveVersion = 1;
	classes = {
	};
	objectVersion = 56;
	objects = {

/* Begin PBXBuildFile section */
		777027A22AE28F5E007CA2B7 /* AppDelegate.swift in Sources */ = {isa = PBXBuildFile; fileRef = 777027A12AE28F5E007CA2B7 /* AppDelegate.swift */; };
		777027A42AE28F5E007CA2B7 /* SceneDelegate.swift in Sources */ = {isa = PBXBuildFile; fileRef = 777027A32AE28F5E007CA2B7 /* SceneDelegate.swift */; };
		777027A62AE28F5E007CA2B7 /* ViewController.swift in Sources */ = {isa = PBXBuildFile; fileRef = 777027A52AE28F5E007CA2B7 /* ViewController.swift */; };
		777027A92AE28F5E007CA2B7 /* Main.storyboard in Resources */ = {isa = PBXBuildFile; fileRef = 777027A72AE28F5E007CA2B7 /* Main.storyboard */; };
		777027AB2AE28F61007CA2B7 /* Assets.xcassets in Resources */ = {isa = PBXBuildFile; fileRef = 777027AA2AE28F61007CA2B7 /* Assets.xcassets */; };
		777027AE2AE28F61007CA2B7 /* LaunchScreen.storyboard in Resources */ = {isa = PBXBuildFile; fileRef = 777027AC2AE28F61007CA2B7 /* LaunchScreen.storyboard */; };
		777027B72AE29050007CA2B7 /* Realm in Frameworks */ = {isa = PBXBuildFile; productRef = 777027B62AE29050007CA2B7 /* Realm */; };
		777027B92AE29050007CA2B7 /* RealmSwift in Frameworks */ = {isa = PBXBuildFile; productRef = 777027B82AE29050007CA2B7 /* RealmSwift */; };
		777027C12AE2910D007CA2B7 /* Alamofire in Frameworks */ = {isa = PBXBuildFile; productRef = 777027C02AE2910D007CA2B7 /* Alamofire */; };
		77E1B6FB2AE2A0290050C868 /* SnapKit in Frameworks */ = {isa = PBXBuildFile; productRef = 77E1B6FA2AE2A0290050C868 /* SnapKit */; };
		77E1B6FE2AE2A43B0050C868 /* FirebaseAnalytics in Frameworks */ = {isa = PBXBuildFile; productRef = 77E1B6FD2AE2A43B0050C868 /* FirebaseAnalytics */; };
		77E1B7002AE2A43B0050C868 /* FirebaseAnalyticsSwift in Frameworks */ = {isa = PBXBuildFile; productRef = 77E1B6FF2AE2A43B0050C868 /* FirebaseAnalyticsSwift */; };
		77E1B7022AE2A43B0050C868 /* FirebaseAuth in Frameworks */ = {isa = PBXBuildFile; productRef = 77E1B7012AE2A43B0050C868 /* FirebaseAuth */; };
		77E1B7042AE2A43B0050C868 /* FirebaseCrashlytics in Frameworks */ = {isa = PBXBuildFile; productRef = 77E1B7032AE2A43B0050C868 /* FirebaseCrashlytics */; };
		77E1B7062AE2A43B0050C868 /* FirebaseDatabase in Frameworks */ = {isa = PBXBuildFile; productRef = 77E1B7052AE2A43B0050C868 /* FirebaseDatabase */; };
		77E1B7082AE2A43B0050C868 /* FirebaseDatabaseSwift in Frameworks */ = {isa = PBXBuildFile; productRef = 77E1B7072AE2A43B0050C868 /* FirebaseDatabaseSwift */; };
		77E1B70A2AE2A43B0050C868 /* FirebaseDynamicLinks in Frameworks */ = {isa = PBXBuildFile; productRef = 77E1B7092AE2A43B0050C868 /* FirebaseDynamicLinks */; };
		77E1B70C2AE2A43B0050C868 /* FirebaseMessaging in Frameworks */ = {isa = PBXBuildFile; productRef = 77E1B70B2AE2A43B0050C868 /* FirebaseMessaging */; };
		77E1B70E2AE2A43B0050C868 /* FirebaseRemoteConfig in Frameworks */ = {isa = PBXBuildFile; productRef = 77E1B70D2AE2A43B0050C868 /* FirebaseRemoteConfig */; };
		77E1B7102AE2A43B0050C868 /* FirebaseRemoteConfigSwift in Frameworks */ = {isa = PBXBuildFile; productRef = 77E1B70F2AE2A43B0050C868 /* FirebaseRemoteConfigSwift */; };
		77E1B7122AE2A43B0050C868 /* FirebaseStorage in Frameworks */ = {isa = PBXBuildFile; productRef = 77E1B7112AE2A43B0050C868 /* FirebaseStorage */; };
/* End PBXBuildFile section */

/* Begin PBXFileReference section */
		7770279E2AE28F5E007CA2B7 /* Atty.app */ = {isa = PBXFileReference; explicitFileType = wrapper.application; includeInIndex = 0; path = Atty.app; sourceTree = BUILT_PRODUCTS_DIR; };
		777027A12AE28F5E007CA2B7 /* AppDelegate.swift */ = {isa = PBXFileReference; lastKnownFileType = sourcecode.swift; path = AppDelegate.swift; sourceTree = "<group>"; };
		777027A32AE28F5E007CA2B7 /* SceneDelegate.swift */ = {isa = PBXFileReference; lastKnownFileType = sourcecode.swift; path = SceneDelegate.swift; sourceTree = "<group>"; };
		777027A52AE28F5E007CA2B7 /* ViewController.swift */ = {isa = PBXFileReference; lastKnownFileType = sourcecode.swift; path = ViewController.swift; sourceTree = "<group>"; };
		777027A82AE28F5E007CA2B7 /* Base */ = {isa = PBXFileReference; lastKnownFileType = file.storyboard; name = Base; path = Base.lproj/Main.storyboard; sourceTree = "<group>"; };
		777027AA2AE28F61007CA2B7 /* Assets.xcassets */ = {isa = PBXFileReference; lastKnownFileType = folder.assetcatalog; path = Assets.xcassets; sourceTree = "<group>"; };
		777027AD2AE28F61007CA2B7 /* Base */ = {isa = PBXFileReference; lastKnownFileType = file.storyboard; name = Base; path = Base.lproj/LaunchScreen.storyboard; sourceTree = "<group>"; };
		777027AF2AE28F61007CA2B7 /* Info.plist */ = {isa = PBXFileReference; lastKnownFileType = text.plist.xml; path = Info.plist; sourceTree = "<group>"; };
/* End PBXFileReference section */

/* Begin PBXFrameworksBuildPhase section */
		7770279B2AE28F5E007CA2B7 /* Frameworks */ = {
			isa = PBXFrameworksBuildPhase;
			buildActionMask = 2147483647;
			files = (
				77E1B70C2AE2A43B0050C868 /* FirebaseMessaging in Frameworks */,
				77E1B7082AE2A43B0050C868 /* FirebaseDatabaseSwift in Frameworks */,
				77E1B70A2AE2A43B0050C868 /* FirebaseDynamicLinks in Frameworks */,
				77E1B7102AE2A43B0050C868 /* FirebaseRemoteConfigSwift in Frameworks */,
				77E1B7002AE2A43B0050C868 /* FirebaseAnalyticsSwift in Frameworks */,
				777027C12AE2910D007CA2B7 /* Alamofire in Frameworks */,
				77E1B6FB2AE2A0290050C868 /* SnapKit in Frameworks */,
				777027B92AE29050007CA2B7 /* RealmSwift in Frameworks */,
				77E1B7122AE2A43B0050C868 /* FirebaseStorage in Frameworks */,
				77E1B6FE2AE2A43B0050C868 /* FirebaseAnalytics in Frameworks */,
				77E1B7042AE2A43B0050C868 /* FirebaseCrashlytics in Frameworks */,
				77E1B7062AE2A43B0050C868 /* FirebaseDatabase in Frameworks */,
				77E1B70E2AE2A43B0050C868 /* FirebaseRemoteConfig in Frameworks */,
				77E1B7022AE2A43B0050C868 /* FirebaseAuth in Frameworks */,
				777027B72AE29050007CA2B7 /* Realm in Frameworks */,
			);
			runOnlyForDeploymentPostprocessing = 0;
		};
/* End PBXFrameworksBuildPhase section */

/* Begin PBXGroup section */
		777027952AE28F5E007CA2B7 = {
			isa = PBXGroup;
			children = (
				777027A02AE28F5E007CA2B7 /* Atty */,
				7770279F2AE28F5E007CA2B7 /* Products */,
			);
			sourceTree = "<group>";
		};
		7770279F2AE28F5E007CA2B7 /* Products */ = {
			isa = PBXGroup;
			children = (
				7770279E2AE28F5E007CA2B7 /* Atty.app */,
			);
			name = Products;
			sourceTree = "<group>";
		};
		777027A02AE28F5E007CA2B7 /* Atty */ = {
			isa = PBXGroup;
			children = (
				777027A12AE28F5E007CA2B7 /* AppDelegate.swift */,
				777027A32AE28F5E007CA2B7 /* SceneDelegate.swift */,
				777027A52AE28F5E007CA2B7 /* ViewController.swift */,
				777027A72AE28F5E007CA2B7 /* Main.storyboard */,
				777027AA2AE28F61007CA2B7 /* Assets.xcassets */,
				777027AC2AE28F61007CA2B7 /* LaunchScreen.storyboard */,
				777027AF2AE28F61007CA2B7 /* Info.plist */,
			);
			path = Atty;
			sourceTree = "<group>";
		};
/* End PBXGroup section */

/* Begin PBXNativeTarget section */
		7770279D2AE28F5E007CA2B7 /* Atty */ = {
			isa = PBXNativeTarget;
			buildConfigurationList = 777027B22AE28F61007CA2B7 /* Build configuration list for PBXNativeTarget "Atty" */;
			buildPhases = (
				7770279A2AE28F5E007CA2B7 /* Sources */,
				7770279B2AE28F5E007CA2B7 /* Frameworks */,
				7770279C2AE28F5E007CA2B7 /* Resources */,
			);
			buildRules = (
			);
			dependencies = (
			);
			name = Atty;
			packageProductDependencies = (
				777027B62AE29050007CA2B7 /* Realm */,
				777027B82AE29050007CA2B7 /* RealmSwift */,
				777027C02AE2910D007CA2B7 /* Alamofire */,
				77E1B6FA2AE2A0290050C868 /* SnapKit */,
				77E1B6FD2AE2A43B0050C868 /* FirebaseAnalytics */,
				77E1B6FF2AE2A43B0050C868 /* FirebaseAnalyticsSwift */,
				77E1B7012AE2A43B0050C868 /* FirebaseAuth */,
				77E1B7032AE2A43B0050C868 /* FirebaseCrashlytics */,
				77E1B7052AE2A43B0050C868 /* FirebaseDatabase */,
				77E1B7072AE2A43B0050C868 /* FirebaseDatabaseSwift */,
				77E1B7092AE2A43B0050C868 /* FirebaseDynamicLinks */,
				77E1B70B2AE2A43B0050C868 /* FirebaseMessaging */,
				77E1B70D2AE2A43B0050C868 /* FirebaseRemoteConfig */,
				77E1B70F2AE2A43B0050C868 /* FirebaseRemoteConfigSwift */,
				77E1B7112AE2A43B0050C868 /* FirebaseStorage */,
			);
			productName = Atty;
			productReference = 7770279E2AE28F5E007CA2B7 /* Atty.app */;
			productType = "com.apple.product-type.application";
		};
/* End PBXNativeTarget section */

/* Begin PBXProject section */
		777027962AE28F5E007CA2B7 /* Project object */ = {
			isa = PBXProject;
			attributes = {
				BuildIndependentTargetsInParallel = 1;
				LastSwiftUpdateCheck = 1430;
				LastUpgradeCheck = 1430;
				TargetAttributes = {
					7770279D2AE28F5E007CA2B7 = {
						CreatedOnToolsVersion = 14.3.1;
					};
				};
			};
			buildConfigurationList = 777027992AE28F5E007CA2B7 /* Build configuration list for PBXProject "Atty" */;
			compatibilityVersion = "Xcode 14.0";
			developmentRegion = en;
			hasScannedForEncodings = 0;
			knownRegions = (
				en,
				Base,
			);
			mainGroup = 777027952AE28F5E007CA2B7;
			packageReferences = (
				777027B52AE29050007CA2B7 /* XCRemoteSwiftPackageReference "realm-swift" */,
				777027BF2AE2910D007CA2B7 /* XCRemoteSwiftPackageReference "Alamofire" */,
				77E1B6F92AE2A0290050C868 /* XCRemoteSwiftPackageReference "SnapKit" */,
				77E1B6FC2AE2A43A0050C868 /* XCRemoteSwiftPackageReference "firebase-ios-sdk" */,
			);
			productRefGroup = 7770279F2AE28F5E007CA2B7 /* Products */;
			projectDirPath = "";
			projectRoot = "";
			targets = (
				7770279D2AE28F5E007CA2B7 /* Atty */,
			);
		};
/* End PBXProject section */

/* Begin PBXResourcesBuildPhase section */
		7770279C2AE28F5E007CA2B7 /* Resources */ = {
			isa = PBXResourcesBuildPhase;
			buildActionMask = 2147483647;
			files = (
				777027AE2AE28F61007CA2B7 /* LaunchScreen.storyboard in Resources */,
				777027AB2AE28F61007CA2B7 /* Assets.xcassets in Resources */,
				777027A92AE28F5E007CA2B7 /* Main.storyboard in Resources */,
			);
			runOnlyForDeploymentPostprocessing = 0;
		};
/* End PBXResourcesBuildPhase section */

/* Begin PBXSourcesBuildPhase section */
		7770279A2AE28F5E007CA2B7 /* Sources */ = {
			isa = PBXSourcesBuildPhase;
			buildActionMask = 2147483647;
			files = (
				777027A62AE28F5E007CA2B7 /* ViewController.swift in Sources */,
				777027A22AE28F5E007CA2B7 /* AppDelegate.swift in Sources */,
				777027A42AE28F5E007CA2B7 /* SceneDelegate.swift in Sources */,
			);
			runOnlyForDeploymentPostprocessing = 0;
		};
/* End PBXSourcesBuildPhase section */

/* Begin PBXVariantGroup section */
		777027A72AE28F5E007CA2B7 /* Main.storyboard */ = {
			isa = PBXVariantGroup;
			children = (
				777027A82AE28F5E007CA2B7 /* Base */,
			);
			name = Main.storyboard;
			sourceTree = "<group>";
		};
		777027AC2AE28F61007CA2B7 /* LaunchScreen.storyboard */ = {
			isa = PBXVariantGroup;
			children = (
				777027AD2AE28F61007CA2B7 /* Base */,
			);
			name = LaunchScreen.storyboard;
			sourceTree = "<group>";
		};
/* End PBXVariantGroup section */

/* Begin XCBuildConfiguration section */
		777027B02AE28F61007CA2B7 /* Debug */ = {
			isa = XCBuildConfiguration;
			buildSettings = {
				ALWAYS_SEARCH_USER_PATHS = NO;
				CLANG_ANALYZER_NONNULL = YES;
				CLANG_ANALYZER_NUMBER_OBJECT_CONVERSION = YES_AGGRESSIVE;
				CLANG_CXX_LANGUAGE_STANDARD = "gnu++20";
				CLANG_ENABLE_MODULES = YES;
				CLANG_ENABLE_OBJC_ARC = YES;
				CLANG_ENABLE_OBJC_WEAK = YES;
				CLANG_WARN_BLOCK_CAPTURE_AUTORELEASING = YES;
				CLANG_WARN_BOOL_CONVERSION = YES;
				CLANG_WARN_COMMA = YES;
				CLANG_WARN_CONSTANT_CONVERSION = YES;
				CLANG_WARN_DEPRECATED_OBJC_IMPLEMENTATIONS = YES;
				CLANG_WARN_DIRECT_OBJC_ISA_USAGE = YES_ERROR;
				CLANG_WARN_DOCUMENTATION_COMMENTS = YES;
				CLANG_WARN_EMPTY_BODY = YES;
				CLANG_WARN_ENUM_CONVERSION = YES;
				CLANG_WARN_INFINITE_RECURSION = YES;
				CLANG_WARN_INT_CONVERSION = YES;
				CLANG_WARN_NON_LITERAL_NULL_CONVERSION = YES;
				CLANG_WARN_OBJC_IMPLICIT_RETAIN_SELF = YES;
				CLANG_WARN_OBJC_LITERAL_CONVERSION = YES;
				CLANG_WARN_OBJC_ROOT_CLASS = YES_ERROR;
				CLANG_WARN_QUOTED_INCLUDE_IN_FRAMEWORK_HEADER = YES;
				CLANG_WARN_RANGE_LOOP_ANALYSIS = YES;
				CLANG_WARN_STRICT_PROTOTYPES = YES;
				CLANG_WARN_SUSPICIOUS_MOVE = YES;
				CLANG_WARN_UNGUARDED_AVAILABILITY = YES_AGGRESSIVE;
				CLANG_WARN_UNREACHABLE_CODE = YES;
				CLANG_WARN__DUPLICATE_METHOD_MATCH = YES;
				COPY_PHASE_STRIP = NO;
				DEBUG_INFORMATION_FORMAT = dwarf;
				ENABLE_STRICT_OBJC_MSGSEND = YES;
				ENABLE_TESTABILITY = YES;
				GCC_C_LANGUAGE_STANDARD = gnu11;
				GCC_DYNAMIC_NO_PIC = NO;
				GCC_NO_COMMON_BLOCKS = YES;
				GCC_OPTIMIZATION_LEVEL = 0;
				GCC_PREPROCESSOR_DEFINITIONS = (
					"DEBUG=1",
					"$(inherited)",
				);
				GCC_WARN_64_TO_32_BIT_CONVERSION = YES;
				GCC_WARN_ABOUT_RETURN_TYPE = YES_ERROR;
				GCC_WARN_UNDECLARED_SELECTOR = YES;
				GCC_WARN_UNINITIALIZED_AUTOS = YES_AGGRESSIVE;
				GCC_WARN_UNUSED_FUNCTION = YES;
				GCC_WARN_UNUSED_VARIABLE = YES;
				IPHONEOS_DEPLOYMENT_TARGET = 16.4;
				MTL_ENABLE_DEBUG_INFO = INCLUDE_SOURCE;
				MTL_FAST_MATH = YES;
				ONLY_ACTIVE_ARCH = YES;
				SDKROOT = iphoneos;
				SWIFT_ACTIVE_COMPILATION_CONDITIONS = DEBUG;
				SWIFT_OPTIMIZATION_LEVEL = "-Onone";
			};
			name = Debug;
		};
		777027B12AE28F61007CA2B7 /* Release */ = {
			isa = XCBuildConfiguration;
			buildSettings = {
				ALWAYS_SEARCH_USER_PATHS = NO;
				CLANG_ANALYZER_NONNULL = YES;
				CLANG_ANALYZER_NUMBER_OBJECT_CONVERSION = YES_AGGRESSIVE;
				CLANG_CXX_LANGUAGE_STANDARD = "gnu++20";
				CLANG_ENABLE_MODULES = YES;
				CLANG_ENABLE_OBJC_ARC = YES;
				CLANG_ENABLE_OBJC_WEAK = YES;
				CLANG_WARN_BLOCK_CAPTURE_AUTORELEASING = YES;
				CLANG_WARN_BOOL_CONVERSION = YES;
				CLANG_WARN_COMMA = YES;
				CLANG_WARN_CONSTANT_CONVERSION = YES;
				CLANG_WARN_DEPRECATED_OBJC_IMPLEMENTATIONS = YES;
				CLANG_WARN_DIRECT_OBJC_ISA_USAGE = YES_ERROR;
				CLANG_WARN_DOCUMENTATION_COMMENTS = YES;
				CLANG_WARN_EMPTY_BODY = YES;
				CLANG_WARN_ENUM_CONVERSION = YES;
				CLANG_WARN_INFINITE_RECURSION = YES;
				CLANG_WARN_INT_CONVERSION = YES;
				CLANG_WARN_NON_LITERAL_NULL_CONVERSION = YES;
				CLANG_WARN_OBJC_IMPLICIT_RETAIN_SELF = YES;
				CLANG_WARN_OBJC_LITERAL_CONVERSION = YES;
				CLANG_WARN_OBJC_ROOT_CLASS = YES_ERROR;
				CLANG_WARN_QUOTED_INCLUDE_IN_FRAMEWORK_HEADER = YES;
				CLANG_WARN_RANGE_LOOP_ANALYSIS = YES;
				CLANG_WARN_STRICT_PROTOTYPES = YES;
				CLANG_WARN_SUSPICIOUS_MOVE = YES;
				CLANG_WARN_UNGUARDED_AVAILABILITY = YES_AGGRESSIVE;
				CLANG_WARN_UNREACHABLE_CODE = YES;
				CLANG_WARN__DUPLICATE_METHOD_MATCH = YES;
				COPY_PHASE_STRIP = NO;
				DEBUG_INFORMATION_FORMAT = "dwarf-with-dsym";
				ENABLE_NS_ASSERTIONS = NO;
				ENABLE_STRICT_OBJC_MSGSEND = YES;
				GCC_C_LANGUAGE_STANDARD = gnu11;
				GCC_NO_COMMON_BLOCKS = YES;
				GCC_WARN_64_TO_32_BIT_CONVERSION = YES;
				GCC_WARN_ABOUT_RETURN_TYPE = YES_ERROR;
				GCC_WARN_UNDECLARED_SELECTOR = YES;
				GCC_WARN_UNINITIALIZED_AUTOS = YES_AGGRESSIVE;
				GCC_WARN_UNUSED_FUNCTION = YES;
				GCC_WARN_UNUSED_VARIABLE = YES;
				IPHONEOS_DEPLOYMENT_TARGET = 16.4;
				MTL_ENABLE_DEBUG_INFO = NO;
				MTL_FAST_MATH = YES;
				SDKROOT = iphoneos;
				SWIFT_COMPILATION_MODE = wholemodule;
				SWIFT_OPTIMIZATION_LEVEL = "-O";
				VALIDATE_PRODUCT = YES;
			};
			name = Release;
		};
		777027B32AE28F61007CA2B7 /* Debug */ = {
			isa = XCBuildConfiguration;
			buildSettings = {
				ASSETCATALOG_COMPILER_APPICON_NAME = AppIcon;
				ASSETCATALOG_COMPILER_GLOBAL_ACCENT_COLOR_NAME = AccentColor;
				CODE_SIGN_STYLE = Automatic;
				CURRENT_PROJECT_VERSION = 1;
				DEVELOPMENT_TEAM = HHTA648R26;
				GENERATE_INFOPLIST_FILE = YES;
				INFOPLIST_FILE = Atty/Info.plist;
				INFOPLIST_KEY_CFBundleDisplayName = Atty;
				INFOPLIST_KEY_UIApplicationSupportsIndirectInputEvents = YES;
				INFOPLIST_KEY_UILaunchStoryboardName = LaunchScreen;
				INFOPLIST_KEY_UIMainStoryboardFile = Main;
				INFOPLIST_KEY_UISupportedInterfaceOrientations = "UIInterfaceOrientationLandscapeRight UIInterfaceOrientationPortrait";
				INFOPLIST_KEY_UISupportedInterfaceOrientations_iPad = UIInterfaceOrientationPortrait;
				IPHONEOS_DEPLOYMENT_TARGET = 15.0;
				LD_RUNPATH_SEARCH_PATHS = (
					"$(inherited)",
					"@executable_path/Frameworks",
				);
				MARKETING_VERSION = 1.0;
				PRODUCT_BUNDLE_IDENTIFIER = meeel.Atty;
				PRODUCT_NAME = "$(TARGET_NAME)";
				SWIFT_EMIT_LOC_STRINGS = YES;
				SWIFT_VERSION = 5.0;
				TARGETED_DEVICE_FAMILY = "1,2";
			};
			name = Debug;
		};
		777027B42AE28F61007CA2B7 /* Release */ = {
			isa = XCBuildConfiguration;
			buildSettings = {
				ASSETCATALOG_COMPILER_APPICON_NAME = AppIcon;
				ASSETCATALOG_COMPILER_GLOBAL_ACCENT_COLOR_NAME = AccentColor;
				CODE_SIGN_STYLE = Automatic;
				CURRENT_PROJECT_VERSION = 1;
				DEVELOPMENT_TEAM = HHTA648R26;
				GENERATE_INFOPLIST_FILE = YES;
				INFOPLIST_FILE = Atty/Info.plist;
				INFOPLIST_KEY_CFBundleDisplayName = Atty;
				INFOPLIST_KEY_UIApplicationSupportsIndirectInputEvents = YES;
				INFOPLIST_KEY_UILaunchStoryboardName = LaunchScreen;
				INFOPLIST_KEY_UIMainStoryboardFile = Main;
				INFOPLIST_KEY_UISupportedInterfaceOrientations = "UIInterfaceOrientationLandscapeRight UIInterfaceOrientationPortrait";
				INFOPLIST_KEY_UISupportedInterfaceOrientations_iPad = UIInterfaceOrientationPortrait;
				IPHONEOS_DEPLOYMENT_TARGET = 15.0;
				LD_RUNPATH_SEARCH_PATHS = (
					"$(inherited)",
					"@executable_path/Frameworks",
				);
				MARKETING_VERSION = 1.0;
				PRODUCT_BUNDLE_IDENTIFIER = meeel.Atty;
				PRODUCT_NAME = "$(TARGET_NAME)";
				SWIFT_EMIT_LOC_STRINGS = YES;
				SWIFT_VERSION = 5.0;
				TARGETED_DEVICE_FAMILY = "1,2";
			};
			name = Release;
		};
/* End XCBuildConfiguration section */

/* Begin XCConfigurationList section */
		777027992AE28F5E007CA2B7 /* Build configuration list for PBXProject "Atty" */ = {
			isa = XCConfigurationList;
			buildConfigurations = (
				777027B02AE28F61007CA2B7 /* Debug */,
				777027B12AE28F61007CA2B7 /* Release */,
			);
			defaultConfigurationIsVisible = 0;
			defaultConfigurationName = Release;
		};
		777027B22AE28F61007CA2B7 /* Build configuration list for PBXNativeTarget "Atty" */ = {
			isa = XCConfigurationList;
			buildConfigurations = (
				777027B32AE28F61007CA2B7 /* Debug */,
				777027B42AE28F61007CA2B7 /* Release */,
			);
			defaultConfigurationIsVisible = 0;
			defaultConfigurationName = Release;
		};
/* End XCConfigurationList section */

/* Begin XCRemoteSwiftPackageReference section */
		777027B52AE29050007CA2B7 /* XCRemoteSwiftPackageReference "realm-swift" */ = {
			isa = XCRemoteSwiftPackageReference;
			repositoryURL = "https://github.com/realm/realm-swift.git";
			requirement = {
				branch = master;
				kind = branch;
			};
		};
		777027BF2AE2910D007CA2B7 /* XCRemoteSwiftPackageReference "Alamofire" */ = {
			isa = XCRemoteSwiftPackageReference;
			repositoryURL = "https://github.com/Alamofire/Alamofire.git";
			requirement = {
				kind = upToNextMajorVersion;
				minimumVersion = 5.0.0;
			};
		};
		77E1B6F92AE2A0290050C868 /* XCRemoteSwiftPackageReference "SnapKit" */ = {
			isa = XCRemoteSwiftPackageReference;
			repositoryURL = "https://github.com/SnapKit/SnapKit.git";
			requirement = {
				kind = upToNextMajorVersion;
				minimumVersion = 5.0.0;
			};
		};
		77E1B6FC2AE2A43A0050C868 /* XCRemoteSwiftPackageReference "firebase-ios-sdk" */ = {
			isa = XCRemoteSwiftPackageReference;
			repositoryURL = "https://github.com/firebase/firebase-ios-sdk.git";
			requirement = {
				kind = upToNextMajorVersion;
				minimumVersion = 10.0.0;
			};
		};
/* End XCRemoteSwiftPackageReference section */

/* Begin XCSwiftPackageProductDependency section */
		777027B62AE29050007CA2B7 /* Realm */ = {
			isa = XCSwiftPackageProductDependency;
			package = 777027B52AE29050007CA2B7 /* XCRemoteSwiftPackageReference "realm-swift" */;
			productName = Realm;
		};
		777027B82AE29050007CA2B7 /* RealmSwift */ = {
			isa = XCSwiftPackageProductDependency;
			package = 777027B52AE29050007CA2B7 /* XCRemoteSwiftPackageReference "realm-swift" */;
			productName = RealmSwift;
		};
		777027C02AE2910D007CA2B7 /* Alamofire */ = {
			isa = XCSwiftPackageProductDependency;
			package = 777027BF2AE2910D007CA2B7 /* XCRemoteSwiftPackageReference "Alamofire" */;
			productName = Alamofire;
		};
		77E1B6FA2AE2A0290050C868 /* SnapKit */ = {
			isa = XCSwiftPackageProductDependency;
			package = 77E1B6F92AE2A0290050C868 /* XCRemoteSwiftPackageReference "SnapKit" */;
			productName = SnapKit;
		};
		77E1B6FD2AE2A43B0050C868 /* FirebaseAnalytics */ = {
			isa = XCSwiftPackageProductDependency;
			package = 77E1B6FC2AE2A43A0050C868 /* XCRemoteSwiftPackageReference "firebase-ios-sdk" */;
			productName = FirebaseAnalytics;
		};
		77E1B6FF2AE2A43B0050C868 /* FirebaseAnalyticsSwift */ = {
			isa = XCSwiftPackageProductDependency;
			package = 77E1B6FC2AE2A43A0050C868 /* XCRemoteSwiftPackageReference "firebase-ios-sdk" */;
			productName = FirebaseAnalyticsSwift;
		};
		77E1B7012AE2A43B0050C868 /* FirebaseAuth */ = {
			isa = XCSwiftPackageProductDependency;
			package = 77E1B6FC2AE2A43A0050C868 /* XCRemoteSwiftPackageReference "firebase-ios-sdk" */;
			productName = FirebaseAuth;
		};
		77E1B7032AE2A43B0050C868 /* FirebaseCrashlytics */ = {
			isa = XCSwiftPackageProductDependency;
			package = 77E1B6FC2AE2A43A0050C868 /* XCRemoteSwiftPackageReference "firebase-ios-sdk" */;
			productName = FirebaseCrashlytics;
		};
		77E1B7052AE2A43B0050C868 /* FirebaseDatabase */ = {
			isa = XCSwiftPackageProductDependency;
			package = 77E1B6FC2AE2A43A0050C868 /* XCRemoteSwiftPackageReference "firebase-ios-sdk" */;
			productName = FirebaseDatabase;
		};
		77E1B7072AE2A43B0050C868 /* FirebaseDatabaseSwift */ = {
			isa = XCSwiftPackageProductDependency;
			package = 77E1B6FC2AE2A43A0050C868 /* XCRemoteSwiftPackageReference "firebase-ios-sdk" */;
			productName = FirebaseDatabaseSwift;
		};
		77E1B7092AE2A43B0050C868 /* FirebaseDynamicLinks */ = {
			isa = XCSwiftPackageProductDependency;
			package = 77E1B6FC2AE2A43A0050C868 /* XCRemoteSwiftPackageReference "firebase-ios-sdk" */;
			productName = FirebaseDynamicLinks;
		};
		77E1B70B2AE2A43B0050C868 /* FirebaseMessaging */ = {
			isa = XCSwiftPackageProductDependency;
			package = 77E1B6FC2AE2A43A0050C868 /* XCRemoteSwiftPackageReference "firebase-ios-sdk" */;
			productName = FirebaseMessaging;
		};
		77E1B70D2AE2A43B0050C868 /* FirebaseRemoteConfig */ = {
			isa = XCSwiftPackageProductDependency;
			package = 77E1B6FC2AE2A43A0050C868 /* XCRemoteSwiftPackageReference "firebase-ios-sdk" */;
			productName = FirebaseRemoteConfig;
		};
		77E1B70F2AE2A43B0050C868 /* FirebaseRemoteConfigSwift */ = {
			isa = XCSwiftPackageProductDependency;
			package = 77E1B6FC2AE2A43A0050C868 /* XCRemoteSwiftPackageReference "firebase-ios-sdk" */;
			productName = FirebaseRemoteConfigSwift;
		};
		77E1B7112AE2A43B0050C868 /* FirebaseStorage */ = {
			isa = XCSwiftPackageProductDependency;
			package = 77E1B6FC2AE2A43A0050C868 /* XCRemoteSwiftPackageReference "firebase-ios-sdk" */;
			productName = FirebaseStorage;
		};
/* End XCSwiftPackageProductDependency section */
	};
	rootObject = 777027962AE28F5E007CA2B7 /* Project object */;
}
