// !$*UTF8*$!
{
	archiveVersion = 1;
	classes = {
	};
	objectVersion = 56;
	objects = {

/* Begin PBXBuildFile section */
		1BF91346F9544AAF1E65C202 /* Pods_Atty.framework in Frameworks */ = {isa = PBXBuildFile; fileRef = 02358DC787A23CF29024801B /* Pods_Atty.framework */; };
		77048A192AFBC42000824E5F /* ProjectDocumentsTV.swift in Sources */ = {isa = PBXBuildFile; fileRef = 77048A182AFBC42000824E5F /* ProjectDocumentsTV.swift */; };
		77048A1D2AFC57DD00824E5F /* Client.swift in Sources */ = {isa = PBXBuildFile; fileRef = 77048A1C2AFC57DD00824E5F /* Client.swift */; };
		77048A1F2AFC5BF900824E5F /* ClientsViewModel.swift in Sources */ = {isa = PBXBuildFile; fileRef = 77048A1E2AFC5BF900824E5F /* ClientsViewModel.swift */; };
		77048A212AFC5F0500824E5F /* ClientsTV.swift in Sources */ = {isa = PBXBuildFile; fileRef = 77048A202AFC5F0500824E5F /* ClientsTV.swift */; };
		77048A232AFC60DC00824E5F /* ClientTVC.swift in Sources */ = {isa = PBXBuildFile; fileRef = 77048A222AFC60DC00824E5F /* ClientTVC.swift */; };
		77048A252AFC690300824E5F /* ArchiveClientsTV.swift in Sources */ = {isa = PBXBuildFile; fileRef = 77048A242AFC690300824E5F /* ArchiveClientsTV.swift */; };
		77048A272AFC701D00824E5F /* AddClientVC.swift in Sources */ = {isa = PBXBuildFile; fileRef = 77048A262AFC701D00824E5F /* AddClientVC.swift */; };
		77048A292AFCD5C800824E5F /* ClientInfoVC.swift in Sources */ = {isa = PBXBuildFile; fileRef = 77048A282AFCD5C800824E5F /* ClientInfoVC.swift */; };
		77048A2C2AFCDB1B00824E5F /* ClientInfoTV.swift in Sources */ = {isa = PBXBuildFile; fileRef = 77048A2B2AFCDB1B00824E5F /* ClientInfoTV.swift */; };
		77048A2E2AFD2C7200824E5F /* ProjectsByClientTV.swift in Sources */ = {isa = PBXBuildFile; fileRef = 77048A2D2AFD2C7200824E5F /* ProjectsByClientTV.swift */; };
		77048A322AFD429A00824E5F /* TasksByClientTV.swift in Sources */ = {isa = PBXBuildFile; fileRef = 77048A312AFD429A00824E5F /* TasksByClientTV.swift */; };
		7717DFEB2AFDA1D80010167A /* SegmentController.swift in Sources */ = {isa = PBXBuildFile; fileRef = 7717DFEA2AFDA1D80010167A /* SegmentController.swift */; };
		7717DFED2AFDAFF70010167A /* SegmentControllerView.swift in Sources */ = {isa = PBXBuildFile; fileRef = 7717DFEC2AFDAFF70010167A /* SegmentControllerView.swift */; };
		772D35972AE94F1100038AA6 /* ResetPasswordVC.swift in Sources */ = {isa = PBXBuildFile; fileRef = 772D35962AE94F1100038AA6 /* ResetPasswordVC.swift */; };
		772D359C2AEA5DC700038AA6 /* NavigateTabBarController.swift in Sources */ = {isa = PBXBuildFile; fileRef = 772D359B2AEA5DC700038AA6 /* NavigateTabBarController.swift */; };
		772D359E2AEA82CC00038AA6 /* ProjectsVC.swift in Sources */ = {isa = PBXBuildFile; fileRef = 772D359D2AEA82CC00038AA6 /* ProjectsVC.swift */; };
		772D35A32AEA83D400038AA6 /* ClientsVC.swift in Sources */ = {isa = PBXBuildFile; fileRef = 772D35A22AEA83D400038AA6 /* ClientsVC.swift */; };
		772D35A72AEA845300038AA6 /* CourtCasesVC.swift in Sources */ = {isa = PBXBuildFile; fileRef = 772D35A62AEA845300038AA6 /* CourtCasesVC.swift */; };
		772D35AA2AEA84CC00038AA6 /* TasksVC.swift in Sources */ = {isa = PBXBuildFile; fileRef = 772D35A92AEA84CC00038AA6 /* TasksVC.swift */; };
		772D35AC2AEA871700038AA6 /* TabBarItemEnum.swift in Sources */ = {isa = PBXBuildFile; fileRef = 772D35AB2AEA871700038AA6 /* TabBarItemEnum.swift */; };
		772D35AE2AEB2D8C00038AA6 /* FirebaseAuthService.swift in Sources */ = {isa = PBXBuildFile; fileRef = 772D35AD2AEB2D8C00038AA6 /* FirebaseAuthService.swift */; };
		772D35BA2AF05BE500038AA6 /* NavigationBarController.swift in Sources */ = {isa = PBXBuildFile; fileRef = 772D35B92AF05BE500038AA6 /* NavigationBarController.swift */; };
		772D35BC2AF05FB500038AA6 /* BaseNavBarView.swift in Sources */ = {isa = PBXBuildFile; fileRef = 772D35BB2AF05FB500038AA6 /* BaseNavBarView.swift */; };
		772D35BE2AF0648F00038AA6 /* BaseViewContoller.swift in Sources */ = {isa = PBXBuildFile; fileRef = 772D35BD2AF0648F00038AA6 /* BaseViewContoller.swift */; };
		772D35C02AF1149D00038AA6 /* InfoView.swift in Sources */ = {isa = PBXBuildFile; fileRef = 772D35BF2AF1149D00038AA6 /* InfoView.swift */; };
		7745832C2AF8155900340CBB /* MainInfoView.swift in Sources */ = {isa = PBXBuildFile; fileRef = 7745832B2AF8155900340CBB /* MainInfoView.swift */; };
		774583302AF823A700340CBB /* TasksViewModel.swift in Sources */ = {isa = PBXBuildFile; fileRef = 7745832F2AF823A700340CBB /* TasksViewModel.swift */; };
		774583322AF82C8000340CBB /* CourtsViewModel.swift in Sources */ = {isa = PBXBuildFile; fileRef = 774583312AF82C8000340CBB /* CourtsViewModel.swift */; };
		774583342AF84D6100340CBB /* TasksTV.swift in Sources */ = {isa = PBXBuildFile; fileRef = 774583332AF84D6100340CBB /* TasksTV.swift */; };
		774583382AF85DA100340CBB /* AddTaskVC.swift in Sources */ = {isa = PBXBuildFile; fileRef = 774583372AF85DA100340CBB /* AddTaskVC.swift */; };
		7745833B2AF9AF2E00340CBB /* DoneTasksTV.swift in Sources */ = {isa = PBXBuildFile; fileRef = 7745833A2AF9AF2E00340CBB /* DoneTasksTV.swift */; };
		774583402AF9B3B000340CBB /* ProjectsTV.swift in Sources */ = {isa = PBXBuildFile; fileRef = 7745833F2AF9B3B000340CBB /* ProjectsTV.swift */; };
		774583422AF9B40400340CBB /* ProjectTVC.swift in Sources */ = {isa = PBXBuildFile; fileRef = 774583412AF9B40400340CBB /* ProjectTVC.swift */; };
		777027A22AE28F5E007CA2B7 /* AppDelegate.swift in Sources */ = {isa = PBXBuildFile; fileRef = 777027A12AE28F5E007CA2B7 /* AppDelegate.swift */; };
		777027A42AE28F5E007CA2B7 /* SceneDelegate.swift in Sources */ = {isa = PBXBuildFile; fileRef = 777027A32AE28F5E007CA2B7 /* SceneDelegate.swift */; };
		777027AB2AE28F61007CA2B7 /* Assets.xcassets in Resources */ = {isa = PBXBuildFile; fileRef = 777027AA2AE28F61007CA2B7 /* Assets.xcassets */; };
		777027AE2AE28F61007CA2B7 /* LaunchScreen.storyboard in Resources */ = {isa = PBXBuildFile; fileRef = 777027AC2AE28F61007CA2B7 /* LaunchScreen.storyboard */; };
		7795AD9C2AE826E1007FC870 /* MainVC.swift in Sources */ = {isa = PBXBuildFile; fileRef = 7795AD9B2AE826E1007FC870 /* MainVC.swift */; };
		7795AD9E2AE8277E007FC870 /* GoogleService-Info.plist in Resources */ = {isa = PBXBuildFile; fileRef = 7795AD9D2AE8277E007FC870 /* GoogleService-Info.plist */; };
		779903BF2B001DA600B63303 /* User.swift in Sources */ = {isa = PBXBuildFile; fileRef = 779903BE2B001DA600B63303 /* User.swift */; };
		779903C12B00228800B63303 /* ClientProjectsTV.swift in Sources */ = {isa = PBXBuildFile; fileRef = 779903C02B00228800B63303 /* ClientProjectsTV.swift */; };
		779903C32B0040AD00B63303 /* SignInVC.swift in Sources */ = {isa = PBXBuildFile; fileRef = 779903C22B0040AD00B63303 /* SignInVC.swift */; };
		779903C52B0047FB00B63303 /* SignUpVC.swift in Sources */ = {isa = PBXBuildFile; fileRef = 779903C42B0047FB00B63303 /* SignUpVC.swift */; };
		77CE085C2AFEEDAC002E3144 /* CourtCase.swift in Sources */ = {isa = PBXBuildFile; fileRef = 77CE085B2AFEEDAC002E3144 /* CourtCase.swift */; };
		77CE085F2AFEF0BF002E3144 /* CourtCasesTV.swift in Sources */ = {isa = PBXBuildFile; fileRef = 77CE085E2AFEF0BF002E3144 /* CourtCasesTV.swift */; };
		77DB26FB2AE5671900944822 /* DS.swift in Sources */ = {isa = PBXBuildFile; fileRef = 77DB26FA2AE5671900944822 /* DS.swift */; };
		77DB26FE2AE56D3600944822 /* AuthTFView.swift in Sources */ = {isa = PBXBuildFile; fileRef = 77DB26FD2AE56D3600944822 /* AuthTFView.swift */; };
		77DB27012AE5814D00944822 /* AuthButton.swift in Sources */ = {isa = PBXBuildFile; fileRef = 77DB27002AE5814D00944822 /* AuthButton.swift */; };
		77DB27112AE5923400944822 /* Manrope-Regular.ttf in Resources */ = {isa = PBXBuildFile; fileRef = 77DB270A2AE5923300944822 /* Manrope-Regular.ttf */; };
		77DB27122AE5923400944822 /* Manrope-Medium.ttf in Resources */ = {isa = PBXBuildFile; fileRef = 77DB270B2AE5923300944822 /* Manrope-Medium.ttf */; };
		77DB27132AE5923400944822 /* Manrope-Light.ttf in Resources */ = {isa = PBXBuildFile; fileRef = 77DB270C2AE5923300944822 /* Manrope-Light.ttf */; };
		77DB27142AE5923400944822 /* Manrope-ExtraLight.ttf in Resources */ = {isa = PBXBuildFile; fileRef = 77DB270D2AE5923300944822 /* Manrope-ExtraLight.ttf */; };
		77DB27152AE5923400944822 /* Manrope-Bold.ttf in Resources */ = {isa = PBXBuildFile; fileRef = 77DB270E2AE5923400944822 /* Manrope-Bold.ttf */; };
		77DB27162AE5923400944822 /* Manrope-SemiBold.ttf in Resources */ = {isa = PBXBuildFile; fileRef = 77DB270F2AE5923400944822 /* Manrope-SemiBold.ttf */; };
		77DB27172AE5923400944822 /* Manrope-ExtraBold.ttf in Resources */ = {isa = PBXBuildFile; fileRef = 77DB27102AE5923400944822 /* Manrope-ExtraBold.ttf */; };
		77DB272D2AE5B18200944822 /* UIViewController + DismissGesture.swift in Sources */ = {isa = PBXBuildFile; fileRef = 77DB272C2AE5B18200944822 /* UIViewController + DismissGesture.swift */; };
		77DB273B2AE724DB00944822 /* AuthViewModel.swift in Sources */ = {isa = PBXBuildFile; fileRef = 77DB273A2AE724DB00944822 /* AuthViewModel.swift */; };
		77DB273D2AE72E9D00944822 /* Alert.swift in Sources */ = {isa = PBXBuildFile; fileRef = 77DB273C2AE72E9D00944822 /* Alert.swift */; };
		77EB3F5A2AFA2D2A002AB368 /* Project.swift in Sources */ = {isa = PBXBuildFile; fileRef = 77EB3F592AFA2D2A002AB368 /* Project.swift */; };
		77EB3F5C2AFA40A2002AB368 /* ProjectsViewModel.swift in Sources */ = {isa = PBXBuildFile; fileRef = 77EB3F5B2AFA40A2002AB368 /* ProjectsViewModel.swift */; };
		77EB3F5E2AFA5D57002AB368 /* DoneProjectsTV.swift in Sources */ = {isa = PBXBuildFile; fileRef = 77EB3F5D2AFA5D57002AB368 /* DoneProjectsTV.swift */; };
		77EB3F602AFA5E01002AB368 /* AddProjectVC.swift in Sources */ = {isa = PBXBuildFile; fileRef = 77EB3F5F2AFA5E01002AB368 /* AddProjectVC.swift */; };
		77EB3F622AFA71BC002AB368 /* ProjectInfoVC.swift in Sources */ = {isa = PBXBuildFile; fileRef = 77EB3F612AFA71BC002AB368 /* ProjectInfoVC.swift */; };
		77EB3F642AFACB4C002AB368 /* ProjectInfoTV.swift in Sources */ = {isa = PBXBuildFile; fileRef = 77EB3F632AFACB4C002AB368 /* ProjectInfoTV.swift */; };
		77F9D5382AF3A9C5002132D1 /* MainTV.swift in Sources */ = {isa = PBXBuildFile; fileRef = 77F9D5372AF3A9C5002132D1 /* MainTV.swift */; };
		77F9D53D2AF3BA15002132D1 /* HeaderTVC.swift in Sources */ = {isa = PBXBuildFile; fileRef = 77F9D53C2AF3BA15002132D1 /* HeaderTVC.swift */; };
		77F9D5432AF3C536002132D1 /* TaskTVC.swift in Sources */ = {isa = PBXBuildFile; fileRef = 77F9D5422AF3C536002132D1 /* TaskTVC.swift */; };
		77F9D5492AF7AF83002132D1 /* Task.swift in Sources */ = {isa = PBXBuildFile; fileRef = 77F9D5482AF7AF83002132D1 /* Task.swift */; };
		77F9D54B2AF7BE16002132D1 /* CourtMeetTVC.swift in Sources */ = {isa = PBXBuildFile; fileRef = 77F9D54A2AF7BE16002132D1 /* CourtMeetTVC.swift */; };
		77F9D54D2AF7C424002132D1 /* CourtMeet.swift in Sources */ = {isa = PBXBuildFile; fileRef = 77F9D54C2AF7C424002132D1 /* CourtMeet.swift */; };
		77F9D54F2AF7CBF2002132D1 /* RealmDBService.swift in Sources */ = {isa = PBXBuildFile; fileRef = 77F9D54E2AF7CBF2002132D1 /* RealmDBService.swift */; };
		77FBEC572AFFC2D900D8FEC7 /* CourtMeetsTV.swift in Sources */ = {isa = PBXBuildFile; fileRef = 77FBEC562AFFC2D900D8FEC7 /* CourtMeetsTV.swift */; };
		77FBEC592AFFC6D400D8FEC7 /* PojectCourtCasesTV.swift in Sources */ = {isa = PBXBuildFile; fileRef = 77FBEC582AFFC6D400D8FEC7 /* PojectCourtCasesTV.swift */; };
		77FBEC5B2AFFD30400D8FEC7 /* AddCourtCaseVC.swift in Sources */ = {isa = PBXBuildFile; fileRef = 77FBEC5A2AFFD30400D8FEC7 /* AddCourtCaseVC.swift */; };
		77FBEC5D2AFFD57C00D8FEC7 /* CourtCaseInfoTV.swift in Sources */ = {isa = PBXBuildFile; fileRef = 77FBEC5C2AFFD57C00D8FEC7 /* CourtCaseInfoTV.swift */; };
		77FBEC5F2AFFD5AB00D8FEC7 /* CourtCaseInfoVC.swift in Sources */ = {isa = PBXBuildFile; fileRef = 77FBEC5E2AFFD5AB00D8FEC7 /* CourtCaseInfoVC.swift */; };
/* End PBXBuildFile section */

/* Begin PBXFileReference section */
		02358DC787A23CF29024801B /* Pods_Atty.framework */ = {isa = PBXFileReference; explicitFileType = wrapper.framework; includeInIndex = 0; path = Pods_Atty.framework; sourceTree = BUILT_PRODUCTS_DIR; };
		03D17BD1EA2D30A7839CC79C /* Pods-Atty.release.xcconfig */ = {isa = PBXFileReference; includeInIndex = 1; lastKnownFileType = text.xcconfig; name = "Pods-Atty.release.xcconfig"; path = "Target Support Files/Pods-Atty/Pods-Atty.release.xcconfig"; sourceTree = "<group>"; };
		77048A182AFBC42000824E5F /* ProjectDocumentsTV.swift */ = {isa = PBXFileReference; lastKnownFileType = sourcecode.swift; path = ProjectDocumentsTV.swift; sourceTree = "<group>"; };
		77048A1C2AFC57DD00824E5F /* Client.swift */ = {isa = PBXFileReference; lastKnownFileType = sourcecode.swift; path = Client.swift; sourceTree = "<group>"; };
		77048A1E2AFC5BF900824E5F /* ClientsViewModel.swift */ = {isa = PBXFileReference; lastKnownFileType = sourcecode.swift; path = ClientsViewModel.swift; sourceTree = "<group>"; };
		77048A202AFC5F0500824E5F /* ClientsTV.swift */ = {isa = PBXFileReference; lastKnownFileType = sourcecode.swift; path = ClientsTV.swift; sourceTree = "<group>"; };
		77048A222AFC60DC00824E5F /* ClientTVC.swift */ = {isa = PBXFileReference; lastKnownFileType = sourcecode.swift; path = ClientTVC.swift; sourceTree = "<group>"; };
		77048A242AFC690300824E5F /* ArchiveClientsTV.swift */ = {isa = PBXFileReference; lastKnownFileType = sourcecode.swift; path = ArchiveClientsTV.swift; sourceTree = "<group>"; };
		77048A262AFC701D00824E5F /* AddClientVC.swift */ = {isa = PBXFileReference; lastKnownFileType = sourcecode.swift; path = AddClientVC.swift; sourceTree = "<group>"; };
		77048A282AFCD5C800824E5F /* ClientInfoVC.swift */ = {isa = PBXFileReference; lastKnownFileType = sourcecode.swift; path = ClientInfoVC.swift; sourceTree = "<group>"; };
		77048A2B2AFCDB1B00824E5F /* ClientInfoTV.swift */ = {isa = PBXFileReference; lastKnownFileType = sourcecode.swift; path = ClientInfoTV.swift; sourceTree = "<group>"; };
		77048A2D2AFD2C7200824E5F /* ProjectsByClientTV.swift */ = {isa = PBXFileReference; lastKnownFileType = sourcecode.swift; path = ProjectsByClientTV.swift; sourceTree = "<group>"; };
		77048A312AFD429A00824E5F /* TasksByClientTV.swift */ = {isa = PBXFileReference; lastKnownFileType = sourcecode.swift; path = TasksByClientTV.swift; sourceTree = "<group>"; };
		7717DFEA2AFDA1D80010167A /* SegmentController.swift */ = {isa = PBXFileReference; lastKnownFileType = sourcecode.swift; path = SegmentController.swift; sourceTree = "<group>"; };
		7717DFEC2AFDAFF70010167A /* SegmentControllerView.swift */ = {isa = PBXFileReference; lastKnownFileType = sourcecode.swift; path = SegmentControllerView.swift; sourceTree = "<group>"; };
		772D35962AE94F1100038AA6 /* ResetPasswordVC.swift */ = {isa = PBXFileReference; lastKnownFileType = sourcecode.swift; path = ResetPasswordVC.swift; sourceTree = "<group>"; };
		772D359B2AEA5DC700038AA6 /* NavigateTabBarController.swift */ = {isa = PBXFileReference; lastKnownFileType = sourcecode.swift; path = NavigateTabBarController.swift; sourceTree = "<group>"; };
		772D359D2AEA82CC00038AA6 /* ProjectsVC.swift */ = {isa = PBXFileReference; lastKnownFileType = sourcecode.swift; path = ProjectsVC.swift; sourceTree = "<group>"; };
		772D35A22AEA83D400038AA6 /* ClientsVC.swift */ = {isa = PBXFileReference; lastKnownFileType = sourcecode.swift; path = ClientsVC.swift; sourceTree = "<group>"; };
		772D35A62AEA845300038AA6 /* CourtCasesVC.swift */ = {isa = PBXFileReference; lastKnownFileType = sourcecode.swift; path = CourtCasesVC.swift; sourceTree = "<group>"; };
		772D35A92AEA84CC00038AA6 /* TasksVC.swift */ = {isa = PBXFileReference; lastKnownFileType = sourcecode.swift; path = TasksVC.swift; sourceTree = "<group>"; };
		772D35AB2AEA871700038AA6 /* TabBarItemEnum.swift */ = {isa = PBXFileReference; lastKnownFileType = sourcecode.swift; path = TabBarItemEnum.swift; sourceTree = "<group>"; };
		772D35AD2AEB2D8C00038AA6 /* FirebaseAuthService.swift */ = {isa = PBXFileReference; lastKnownFileType = sourcecode.swift; path = FirebaseAuthService.swift; sourceTree = "<group>"; };
		772D35B92AF05BE500038AA6 /* NavigationBarController.swift */ = {isa = PBXFileReference; lastKnownFileType = sourcecode.swift; path = NavigationBarController.swift; sourceTree = "<group>"; };
		772D35BB2AF05FB500038AA6 /* BaseNavBarView.swift */ = {isa = PBXFileReference; lastKnownFileType = sourcecode.swift; path = BaseNavBarView.swift; sourceTree = "<group>"; };
		772D35BD2AF0648F00038AA6 /* BaseViewContoller.swift */ = {isa = PBXFileReference; lastKnownFileType = sourcecode.swift; path = BaseViewContoller.swift; sourceTree = "<group>"; };
		772D35BF2AF1149D00038AA6 /* InfoView.swift */ = {isa = PBXFileReference; lastKnownFileType = sourcecode.swift; path = InfoView.swift; sourceTree = "<group>"; };
		7745832B2AF8155900340CBB /* MainInfoView.swift */ = {isa = PBXFileReference; lastKnownFileType = sourcecode.swift; path = MainInfoView.swift; sourceTree = "<group>"; };
		7745832F2AF823A700340CBB /* TasksViewModel.swift */ = {isa = PBXFileReference; lastKnownFileType = sourcecode.swift; path = TasksViewModel.swift; sourceTree = "<group>"; };
		774583312AF82C8000340CBB /* CourtsViewModel.swift */ = {isa = PBXFileReference; lastKnownFileType = sourcecode.swift; path = CourtsViewModel.swift; sourceTree = "<group>"; };
		774583332AF84D6100340CBB /* TasksTV.swift */ = {isa = PBXFileReference; lastKnownFileType = sourcecode.swift; path = TasksTV.swift; sourceTree = "<group>"; };
		774583372AF85DA100340CBB /* AddTaskVC.swift */ = {isa = PBXFileReference; lastKnownFileType = sourcecode.swift; path = AddTaskVC.swift; sourceTree = "<group>"; };
		7745833A2AF9AF2E00340CBB /* DoneTasksTV.swift */ = {isa = PBXFileReference; lastKnownFileType = sourcecode.swift; path = DoneTasksTV.swift; sourceTree = "<group>"; };
		7745833F2AF9B3B000340CBB /* ProjectsTV.swift */ = {isa = PBXFileReference; lastKnownFileType = sourcecode.swift; path = ProjectsTV.swift; sourceTree = "<group>"; };
		774583412AF9B40400340CBB /* ProjectTVC.swift */ = {isa = PBXFileReference; lastKnownFileType = sourcecode.swift; path = ProjectTVC.swift; sourceTree = "<group>"; };
		7770279E2AE28F5E007CA2B7 /* Atty.app */ = {isa = PBXFileReference; explicitFileType = wrapper.application; includeInIndex = 0; path = Atty.app; sourceTree = BUILT_PRODUCTS_DIR; };
		777027A12AE28F5E007CA2B7 /* AppDelegate.swift */ = {isa = PBXFileReference; lastKnownFileType = sourcecode.swift; path = AppDelegate.swift; sourceTree = "<group>"; };
		777027A32AE28F5E007CA2B7 /* SceneDelegate.swift */ = {isa = PBXFileReference; lastKnownFileType = sourcecode.swift; path = SceneDelegate.swift; sourceTree = "<group>"; };
		777027AA2AE28F61007CA2B7 /* Assets.xcassets */ = {isa = PBXFileReference; lastKnownFileType = folder.assetcatalog; path = Assets.xcassets; sourceTree = "<group>"; };
		777027AD2AE28F61007CA2B7 /* Base */ = {isa = PBXFileReference; lastKnownFileType = file.storyboard; name = Base; path = Base.lproj/LaunchScreen.storyboard; sourceTree = "<group>"; };
		777027AF2AE28F61007CA2B7 /* Info.plist */ = {isa = PBXFileReference; lastKnownFileType = text.plist.xml; path = Info.plist; sourceTree = "<group>"; };
		7795AD9B2AE826E1007FC870 /* MainVC.swift */ = {isa = PBXFileReference; lastKnownFileType = sourcecode.swift; path = MainVC.swift; sourceTree = "<group>"; };
		7795AD9D2AE8277E007FC870 /* GoogleService-Info.plist */ = {isa = PBXFileReference; fileEncoding = 4; lastKnownFileType = text.plist.xml; path = "GoogleService-Info.plist"; sourceTree = "<group>"; };
		779903BE2B001DA600B63303 /* User.swift */ = {isa = PBXFileReference; lastKnownFileType = sourcecode.swift; path = User.swift; sourceTree = "<group>"; };
		779903C02B00228800B63303 /* ClientProjectsTV.swift */ = {isa = PBXFileReference; lastKnownFileType = sourcecode.swift; path = ClientProjectsTV.swift; sourceTree = "<group>"; };
		779903C22B0040AD00B63303 /* SignInVC.swift */ = {isa = PBXFileReference; lastKnownFileType = sourcecode.swift; path = SignInVC.swift; sourceTree = "<group>"; };
		779903C42B0047FB00B63303 /* SignUpVC.swift */ = {isa = PBXFileReference; lastKnownFileType = sourcecode.swift; path = SignUpVC.swift; sourceTree = "<group>"; };
		77CE085B2AFEEDAC002E3144 /* CourtCase.swift */ = {isa = PBXFileReference; lastKnownFileType = sourcecode.swift; path = CourtCase.swift; sourceTree = "<group>"; };
		77CE085E2AFEF0BF002E3144 /* CourtCasesTV.swift */ = {isa = PBXFileReference; lastKnownFileType = sourcecode.swift; path = CourtCasesTV.swift; sourceTree = "<group>"; };
		77DB26FA2AE5671900944822 /* DS.swift */ = {isa = PBXFileReference; lastKnownFileType = sourcecode.swift; path = DS.swift; sourceTree = "<group>"; };
		77DB26FD2AE56D3600944822 /* AuthTFView.swift */ = {isa = PBXFileReference; lastKnownFileType = sourcecode.swift; path = AuthTFView.swift; sourceTree = "<group>"; };
		77DB27002AE5814D00944822 /* AuthButton.swift */ = {isa = PBXFileReference; lastKnownFileType = sourcecode.swift; path = AuthButton.swift; sourceTree = "<group>"; };
		77DB270A2AE5923300944822 /* Manrope-Regular.ttf */ = {isa = PBXFileReference; lastKnownFileType = file; path = "Manrope-Regular.ttf"; sourceTree = "<group>"; };
		77DB270B2AE5923300944822 /* Manrope-Medium.ttf */ = {isa = PBXFileReference; lastKnownFileType = file; path = "Manrope-Medium.ttf"; sourceTree = "<group>"; };
		77DB270C2AE5923300944822 /* Manrope-Light.ttf */ = {isa = PBXFileReference; lastKnownFileType = file; path = "Manrope-Light.ttf"; sourceTree = "<group>"; };
		77DB270D2AE5923300944822 /* Manrope-ExtraLight.ttf */ = {isa = PBXFileReference; lastKnownFileType = file; path = "Manrope-ExtraLight.ttf"; sourceTree = "<group>"; };
		77DB270E2AE5923400944822 /* Manrope-Bold.ttf */ = {isa = PBXFileReference; lastKnownFileType = file; path = "Manrope-Bold.ttf"; sourceTree = "<group>"; };
		77DB270F2AE5923400944822 /* Manrope-SemiBold.ttf */ = {isa = PBXFileReference; lastKnownFileType = file; path = "Manrope-SemiBold.ttf"; sourceTree = "<group>"; };
		77DB27102AE5923400944822 /* Manrope-ExtraBold.ttf */ = {isa = PBXFileReference; lastKnownFileType = file; path = "Manrope-ExtraBold.ttf"; sourceTree = "<group>"; };
		77DB272C2AE5B18200944822 /* UIViewController + DismissGesture.swift */ = {isa = PBXFileReference; lastKnownFileType = sourcecode.swift; path = "UIViewController + DismissGesture.swift"; sourceTree = "<group>"; };
		77DB273A2AE724DB00944822 /* AuthViewModel.swift */ = {isa = PBXFileReference; lastKnownFileType = sourcecode.swift; path = AuthViewModel.swift; sourceTree = "<group>"; };
		77DB273C2AE72E9D00944822 /* Alert.swift */ = {isa = PBXFileReference; lastKnownFileType = sourcecode.swift; path = Alert.swift; sourceTree = "<group>"; };
		77EB3F592AFA2D2A002AB368 /* Project.swift */ = {isa = PBXFileReference; lastKnownFileType = sourcecode.swift; path = Project.swift; sourceTree = "<group>"; };
		77EB3F5B2AFA40A2002AB368 /* ProjectsViewModel.swift */ = {isa = PBXFileReference; lastKnownFileType = sourcecode.swift; path = ProjectsViewModel.swift; sourceTree = "<group>"; };
		77EB3F5D2AFA5D57002AB368 /* DoneProjectsTV.swift */ = {isa = PBXFileReference; lastKnownFileType = sourcecode.swift; path = DoneProjectsTV.swift; sourceTree = "<group>"; };
		77EB3F5F2AFA5E01002AB368 /* AddProjectVC.swift */ = {isa = PBXFileReference; lastKnownFileType = sourcecode.swift; path = AddProjectVC.swift; sourceTree = "<group>"; };
		77EB3F612AFA71BC002AB368 /* ProjectInfoVC.swift */ = {isa = PBXFileReference; lastKnownFileType = sourcecode.swift; path = ProjectInfoVC.swift; sourceTree = "<group>"; };
		77EB3F632AFACB4C002AB368 /* ProjectInfoTV.swift */ = {isa = PBXFileReference; lastKnownFileType = sourcecode.swift; path = ProjectInfoTV.swift; sourceTree = "<group>"; };
		77F9D5372AF3A9C5002132D1 /* MainTV.swift */ = {isa = PBXFileReference; lastKnownFileType = sourcecode.swift; path = MainTV.swift; sourceTree = "<group>"; };
		77F9D53C2AF3BA15002132D1 /* HeaderTVC.swift */ = {isa = PBXFileReference; lastKnownFileType = sourcecode.swift; path = HeaderTVC.swift; sourceTree = "<group>"; };
		77F9D5422AF3C536002132D1 /* TaskTVC.swift */ = {isa = PBXFileReference; lastKnownFileType = sourcecode.swift; path = TaskTVC.swift; sourceTree = "<group>"; };
		77F9D5482AF7AF83002132D1 /* Task.swift */ = {isa = PBXFileReference; lastKnownFileType = sourcecode.swift; path = Task.swift; sourceTree = "<group>"; };
		77F9D54A2AF7BE16002132D1 /* CourtMeetTVC.swift */ = {isa = PBXFileReference; lastKnownFileType = sourcecode.swift; path = CourtMeetTVC.swift; sourceTree = "<group>"; };
		77F9D54C2AF7C424002132D1 /* CourtMeet.swift */ = {isa = PBXFileReference; lastKnownFileType = sourcecode.swift; path = CourtMeet.swift; sourceTree = "<group>"; };
		77F9D54E2AF7CBF2002132D1 /* RealmDBService.swift */ = {isa = PBXFileReference; lastKnownFileType = sourcecode.swift; path = RealmDBService.swift; sourceTree = "<group>"; };
		77FBEC562AFFC2D900D8FEC7 /* CourtMeetsTV.swift */ = {isa = PBXFileReference; lastKnownFileType = sourcecode.swift; path = CourtMeetsTV.swift; sourceTree = "<group>"; };
		77FBEC582AFFC6D400D8FEC7 /* PojectCourtCasesTV.swift */ = {isa = PBXFileReference; lastKnownFileType = sourcecode.swift; path = PojectCourtCasesTV.swift; sourceTree = "<group>"; };
		77FBEC5A2AFFD30400D8FEC7 /* AddCourtCaseVC.swift */ = {isa = PBXFileReference; lastKnownFileType = sourcecode.swift; path = AddCourtCaseVC.swift; sourceTree = "<group>"; };
		77FBEC5C2AFFD57C00D8FEC7 /* CourtCaseInfoTV.swift */ = {isa = PBXFileReference; lastKnownFileType = sourcecode.swift; path = CourtCaseInfoTV.swift; sourceTree = "<group>"; };
		77FBEC5E2AFFD5AB00D8FEC7 /* CourtCaseInfoVC.swift */ = {isa = PBXFileReference; lastKnownFileType = sourcecode.swift; path = CourtCaseInfoVC.swift; sourceTree = "<group>"; };
		B2562F13ED507CA111A302CC /* Pods-Atty.debug.xcconfig */ = {isa = PBXFileReference; includeInIndex = 1; lastKnownFileType = text.xcconfig; name = "Pods-Atty.debug.xcconfig"; path = "Target Support Files/Pods-Atty/Pods-Atty.debug.xcconfig"; sourceTree = "<group>"; };
/* End PBXFileReference section */

/* Begin PBXFrameworksBuildPhase section */
		7770279B2AE28F5E007CA2B7 /* Frameworks */ = {
			isa = PBXFrameworksBuildPhase;
			buildActionMask = 2147483647;
			files = (
				1BF91346F9544AAF1E65C202 /* Pods_Atty.framework in Frameworks */,
			);
			runOnlyForDeploymentPostprocessing = 0;
		};
/* End PBXFrameworksBuildPhase section */

/* Begin PBXGroup section */
		091A073EDDC49A8C6B397740 /* Pods */ = {
			isa = PBXGroup;
			children = (
				B2562F13ED507CA111A302CC /* Pods-Atty.debug.xcconfig */,
				03D17BD1EA2D30A7839CC79C /* Pods-Atty.release.xcconfig */,
			);
			path = Pods;
			sourceTree = "<group>";
		};
		77048A2A2AFCDAE900824E5F /* Clients */ = {
			isa = PBXGroup;
			children = (
				77048A202AFC5F0500824E5F /* ClientsTV.swift */,
				77048A242AFC690300824E5F /* ArchiveClientsTV.swift */,
				77048A2B2AFCDB1B00824E5F /* ClientInfoTV.swift */,
				779903C02B00228800B63303 /* ClientProjectsTV.swift */,
			);
			path = Clients;
			sourceTree = "<group>";
		};
		772D359F2AEA82D700038AA6 /* Auth */ = {
			isa = PBXGroup;
			children = (
				772D35962AE94F1100038AA6 /* ResetPasswordVC.swift */,
				779903C22B0040AD00B63303 /* SignInVC.swift */,
				779903C42B0047FB00B63303 /* SignUpVC.swift */,
			);
			path = Auth;
			sourceTree = "<group>";
		};
		772D35A02AEA830500038AA6 /* Projects */ = {
			isa = PBXGroup;
			children = (
				772D359D2AEA82CC00038AA6 /* ProjectsVC.swift */,
				77EB3F5F2AFA5E01002AB368 /* AddProjectVC.swift */,
				77EB3F612AFA71BC002AB368 /* ProjectInfoVC.swift */,
			);
			path = Projects;
			sourceTree = "<group>";
		};
		772D35A12AEA83BD00038AA6 /* Clients */ = {
			isa = PBXGroup;
			children = (
				772D35A22AEA83D400038AA6 /* ClientsVC.swift */,
				77048A262AFC701D00824E5F /* AddClientVC.swift */,
				77048A282AFCD5C800824E5F /* ClientInfoVC.swift */,
			);
			path = Clients;
			sourceTree = "<group>";
		};
		772D35A42AEA842300038AA6 /* Main */ = {
			isa = PBXGroup;
			children = (
				7795AD9B2AE826E1007FC870 /* MainVC.swift */,
			);
			path = Main;
			sourceTree = "<group>";
		};
		772D35A52AEA843600038AA6 /* CourtCases */ = {
			isa = PBXGroup;
			children = (
				772D35A62AEA845300038AA6 /* CourtCasesVC.swift */,
				77FBEC5A2AFFD30400D8FEC7 /* AddCourtCaseVC.swift */,
				77FBEC5E2AFFD5AB00D8FEC7 /* CourtCaseInfoVC.swift */,
			);
			path = CourtCases;
			sourceTree = "<group>";
		};
		772D35A82AEA84A800038AA6 /* Tasks */ = {
			isa = PBXGroup;
			children = (
				772D35A92AEA84CC00038AA6 /* TasksVC.swift */,
				774583372AF85DA100340CBB /* AddTaskVC.swift */,
			);
			path = Tasks;
			sourceTree = "<group>";
		};
		774583392AF9AD4100340CBB /* Tasks */ = {
			isa = PBXGroup;
			children = (
				774583332AF84D6100340CBB /* TasksTV.swift */,
				7745833A2AF9AF2E00340CBB /* DoneTasksTV.swift */,
				77048A312AFD429A00824E5F /* TasksByClientTV.swift */,
			);
			path = Tasks;
			sourceTree = "<group>";
		};
		7745833E2AF9B38000340CBB /* Projects */ = {
			isa = PBXGroup;
			children = (
				7745833F2AF9B3B000340CBB /* ProjectsTV.swift */,
				77EB3F5D2AFA5D57002AB368 /* DoneProjectsTV.swift */,
				77EB3F632AFACB4C002AB368 /* ProjectInfoTV.swift */,
				77048A182AFBC42000824E5F /* ProjectDocumentsTV.swift */,
				77048A2D2AFD2C7200824E5F /* ProjectsByClientTV.swift */,
				77FBEC582AFFC6D400D8FEC7 /* PojectCourtCasesTV.swift */,
			);
			path = Projects;
			sourceTree = "<group>";
		};
		777027952AE28F5E007CA2B7 = {
			isa = PBXGroup;
			children = (
				777027A02AE28F5E007CA2B7 /* Atty */,
				7770279F2AE28F5E007CA2B7 /* Products */,
				091A073EDDC49A8C6B397740 /* Pods */,
				C003D5E09B6734024F275A8A /* Frameworks */,
			);
			sourceTree = "<group>";
		};
		7770279F2AE28F5E007CA2B7 /* Products */ = {
			isa = PBXGroup;
			children = (
				7770279E2AE28F5E007CA2B7 /* Atty.app */,
			);
			name = Products;
			sourceTree = "<group>";
		};
		777027A02AE28F5E007CA2B7 /* Atty */ = {
			isa = PBXGroup;
			children = (
				77E1B7132AE2A5220050C868 /* Aplication */,
				7795AD972AE82635007FC870 /* Models */,
				77DB26F32AE5531000944822 /* Views */,
				77DB271A2AE59D3900944822 /* ViewModels */,
				77DB271D2AE59D7F00944822 /* Controllers */,
				77DB27292AE5B04900944822 /* Extensions */,
				77DB26F62AE5577400944822 /* Helpers */,
				77DB26F92AE55C5000944822 /* SupportingFiles */,
			);
			path = Atty;
			sourceTree = "<group>";
		};
		7795AD972AE82635007FC870 /* Models */ = {
			isa = PBXGroup;
			children = (
				7795AD982AE8263D007FC870 /* Services */,
				77F9D5482AF7AF83002132D1 /* Task.swift */,
				77F9D54C2AF7C424002132D1 /* CourtMeet.swift */,
				77EB3F592AFA2D2A002AB368 /* Project.swift */,
				77048A1C2AFC57DD00824E5F /* Client.swift */,
				77CE085B2AFEEDAC002E3144 /* CourtCase.swift */,
				779903BE2B001DA600B63303 /* User.swift */,
			);
			path = Models;
			sourceTree = "<group>";
		};
		7795AD982AE8263D007FC870 /* Services */ = {
			isa = PBXGroup;
			children = (
				772D35AD2AEB2D8C00038AA6 /* FirebaseAuthService.swift */,
				77F9D54E2AF7CBF2002132D1 /* RealmDBService.swift */,
			);
			path = Services;
			sourceTree = "<group>";
		};
		77CE085D2AFEF09B002E3144 /* CourtCases */ = {
			isa = PBXGroup;
			children = (
				77CE085E2AFEF0BF002E3144 /* CourtCasesTV.swift */,
				77FBEC562AFFC2D900D8FEC7 /* CourtMeetsTV.swift */,
				77FBEC5C2AFFD57C00D8FEC7 /* CourtCaseInfoTV.swift */,
			);
			path = CourtCases;
			sourceTree = "<group>";
		};
		77DB26F32AE5531000944822 /* Views */ = {
			isa = PBXGroup;
			children = (
				77F9D5362AF3A9AD002132D1 /* TableViews */,
			);
			path = Views;
			sourceTree = "<group>";
		};
		77DB26F62AE5577400944822 /* Helpers */ = {
			isa = PBXGroup;
			children = (
				77DB26FA2AE5671900944822 /* DS.swift */,
				772D35AB2AEA871700038AA6 /* TabBarItemEnum.swift */,
				77DB26FF2AE5812C00944822 /* CustomComponents */,
			);
			path = Helpers;
			sourceTree = "<group>";
		};
		77DB26F92AE55C5000944822 /* SupportingFiles */ = {
			isa = PBXGroup;
			children = (
				7795AD9D2AE8277E007FC870 /* GoogleService-Info.plist */,
				77DB27022AE58EE600944822 /* Fonts */,
				777027AA2AE28F61007CA2B7 /* Assets.xcassets */,
				777027AC2AE28F61007CA2B7 /* LaunchScreen.storyboard */,
				777027AF2AE28F61007CA2B7 /* Info.plist */,
			);
			path = SupportingFiles;
			sourceTree = "<group>";
		};
		77DB26FC2AE56D1100944822 /* CustomViews */ = {
			isa = PBXGroup;
			children = (
				77DB26FD2AE56D3600944822 /* AuthTFView.swift */,
				772D35BB2AF05FB500038AA6 /* BaseNavBarView.swift */,
				772D35BF2AF1149D00038AA6 /* InfoView.swift */,
				7745832B2AF8155900340CBB /* MainInfoView.swift */,
				7717DFEC2AFDAFF70010167A /* SegmentControllerView.swift */,
			);
			path = CustomViews;
			sourceTree = "<group>";
		};
		77DB26FF2AE5812C00944822 /* CustomComponents */ = {
			isa = PBXGroup;
			children = (
				77DB26FC2AE56D1100944822 /* CustomViews */,
				774583412AF9B40400340CBB /* ProjectTVC.swift */,
				77048A222AFC60DC00824E5F /* ClientTVC.swift */,
				77F9D5422AF3C536002132D1 /* TaskTVC.swift */,
				77F9D53C2AF3BA15002132D1 /* HeaderTVC.swift */,
				77F9D54A2AF7BE16002132D1 /* CourtMeetTVC.swift */,
				77DB27002AE5814D00944822 /* AuthButton.swift */,
				77DB273C2AE72E9D00944822 /* Alert.swift */,
				7717DFEA2AFDA1D80010167A /* SegmentController.swift */,
			);
			path = CustomComponents;
			sourceTree = "<group>";
		};
		77DB27022AE58EE600944822 /* Fonts */ = {
			isa = PBXGroup;
			children = (
				77DB270E2AE5923400944822 /* Manrope-Bold.ttf */,
				77DB27102AE5923400944822 /* Manrope-ExtraBold.ttf */,
				77DB270D2AE5923300944822 /* Manrope-ExtraLight.ttf */,
				77DB270C2AE5923300944822 /* Manrope-Light.ttf */,
				77DB270B2AE5923300944822 /* Manrope-Medium.ttf */,
				77DB270A2AE5923300944822 /* Manrope-Regular.ttf */,
				77DB270F2AE5923400944822 /* Manrope-SemiBold.ttf */,
			);
			path = Fonts;
			sourceTree = "<group>";
		};
		77DB271A2AE59D3900944822 /* ViewModels */ = {
			isa = PBXGroup;
			children = (
				77DB273A2AE724DB00944822 /* AuthViewModel.swift */,
				7745832F2AF823A700340CBB /* TasksViewModel.swift */,
				774583312AF82C8000340CBB /* CourtsViewModel.swift */,
				77EB3F5B2AFA40A2002AB368 /* ProjectsViewModel.swift */,
				77048A1E2AFC5BF900824E5F /* ClientsViewModel.swift */,
			);
			path = ViewModels;
			sourceTree = "<group>";
		};
		77DB271D2AE59D7F00944822 /* Controllers */ = {
			isa = PBXGroup;
			children = (
				772D359F2AEA82D700038AA6 /* Auth */,
				772D35A42AEA842300038AA6 /* Main */,
				772D35A02AEA830500038AA6 /* Projects */,
				772D35A12AEA83BD00038AA6 /* Clients */,
				772D35A52AEA843600038AA6 /* CourtCases */,
				772D35A82AEA84A800038AA6 /* Tasks */,
				772D359B2AEA5DC700038AA6 /* NavigateTabBarController.swift */,
				772D35B92AF05BE500038AA6 /* NavigationBarController.swift */,
				772D35BD2AF0648F00038AA6 /* BaseViewContoller.swift */,
			);
			path = Controllers;
			sourceTree = "<group>";
		};
		77DB27292AE5B04900944822 /* Extensions */ = {
			isa = PBXGroup;
			children = (
				77DB272C2AE5B18200944822 /* UIViewController + DismissGesture.swift */,
			);
			path = Extensions;
			sourceTree = "<group>";
		};
		77E1B7132AE2A5220050C868 /* Aplication */ = {
			isa = PBXGroup;
			children = (
				777027A12AE28F5E007CA2B7 /* AppDelegate.swift */,
				777027A32AE28F5E007CA2B7 /* SceneDelegate.swift */,
			);
			path = Aplication;
			sourceTree = "<group>";
		};
		77F9D5362AF3A9AD002132D1 /* TableViews */ = {
			isa = PBXGroup;
			children = (
				7745833E2AF9B38000340CBB /* Projects */,
				77048A2A2AFCDAE900824E5F /* Clients */,
				77F9D53B2AF3B9D9002132D1 /* Main */,
				77CE085D2AFEF09B002E3144 /* CourtCases */,
				774583392AF9AD4100340CBB /* Tasks */,
			);
			path = TableViews;
			sourceTree = "<group>";
		};
		77F9D53B2AF3B9D9002132D1 /* Main */ = {
			isa = PBXGroup;
			children = (
				77F9D5372AF3A9C5002132D1 /* MainTV.swift */,
			);
			path = Main;
			sourceTree = "<group>";
		};
		C003D5E09B6734024F275A8A /* Frameworks */ = {
			isa = PBXGroup;
			children = (
				02358DC787A23CF29024801B /* Pods_Atty.framework */,
			);
			name = Frameworks;
			sourceTree = "<group>";
		};
/* End PBXGroup section */

/* Begin PBXNativeTarget section */
		7770279D2AE28F5E007CA2B7 /* Atty */ = {
			isa = PBXNativeTarget;
			buildConfigurationList = 777027B22AE28F61007CA2B7 /* Build configuration list for PBXNativeTarget "Atty" */;
			buildPhases = (
				E8F07317CFC387147E556DA5 /* [CP] Check Pods Manifest.lock */,
				7770279A2AE28F5E007CA2B7 /* Sources */,
				7770279B2AE28F5E007CA2B7 /* Frameworks */,
				7770279C2AE28F5E007CA2B7 /* Resources */,
				DF407B2490E436CC0577173C /* [CP] Embed Pods Frameworks */,
			);
			buildRules = (
			);
			dependencies = (
			);
			name = Atty;
			packageProductDependencies = (
			);
			productName = Atty;
			productReference = 7770279E2AE28F5E007CA2B7 /* Atty.app */;
			productType = "com.apple.product-type.application";
		};
/* End PBXNativeTarget section */

/* Begin PBXProject section */
		777027962AE28F5E007CA2B7 /* Project object */ = {
			isa = PBXProject;
			attributes = {
				BuildIndependentTargetsInParallel = 1;
				LastSwiftUpdateCheck = 1430;
				LastUpgradeCheck = 1430;
				TargetAttributes = {
					7770279D2AE28F5E007CA2B7 = {
						CreatedOnToolsVersion = 14.3.1;
					};
				};
			};
			buildConfigurationList = 777027992AE28F5E007CA2B7 /* Build configuration list for PBXProject "Atty" */;
			compatibilityVersion = "Xcode 14.0";
			developmentRegion = en;
			hasScannedForEncodings = 0;
			knownRegions = (
				en,
				Base,
			);
			mainGroup = 777027952AE28F5E007CA2B7;
			packageReferences = (
			);
			productRefGroup = 7770279F2AE28F5E007CA2B7 /* Products */;
			projectDirPath = "";
			projectRoot = "";
			targets = (
				7770279D2AE28F5E007CA2B7 /* Atty */,
			);
		};
/* End PBXProject section */

/* Begin PBXResourcesBuildPhase section */
		7770279C2AE28F5E007CA2B7 /* Resources */ = {
			isa = PBXResourcesBuildPhase;
			buildActionMask = 2147483647;
			files = (
				77DB27172AE5923400944822 /* Manrope-ExtraBold.ttf in Resources */,
				777027AE2AE28F61007CA2B7 /* LaunchScreen.storyboard in Resources */,
				77DB27142AE5923400944822 /* Manrope-ExtraLight.ttf in Resources */,
				777027AB2AE28F61007CA2B7 /* Assets.xcassets in Resources */,
				77DB27152AE5923400944822 /* Manrope-Bold.ttf in Resources */,
				77DB27122AE5923400944822 /* Manrope-Medium.ttf in Resources */,
				77DB27112AE5923400944822 /* Manrope-Regular.ttf in Resources */,
				7795AD9E2AE8277E007FC870 /* GoogleService-Info.plist in Resources */,
				77DB27162AE5923400944822 /* Manrope-SemiBold.ttf in Resources */,
				77DB27132AE5923400944822 /* Manrope-Light.ttf in Resources */,
			);
			runOnlyForDeploymentPostprocessing = 0;
		};
/* End PBXResourcesBuildPhase section */

/* Begin PBXShellScriptBuildPhase section */
		DF407B2490E436CC0577173C /* [CP] Embed Pods Frameworks */ = {
			isa = PBXShellScriptBuildPhase;
			buildActionMask = 2147483647;
			files = (
			);
			inputFileListPaths = (
				"${PODS_ROOT}/Target Support Files/Pods-Atty/Pods-Atty-frameworks-${CONFIGURATION}-input-files.xcfilelist",
			);
			name = "[CP] Embed Pods Frameworks";
			outputFileListPaths = (
				"${PODS_ROOT}/Target Support Files/Pods-Atty/Pods-Atty-frameworks-${CONFIGURATION}-output-files.xcfilelist",
			);
			runOnlyForDeploymentPostprocessing = 0;
			shellPath = /bin/sh;
			shellScript = "\"${PODS_ROOT}/Target Support Files/Pods-Atty/Pods-Atty-frameworks.sh\"\n";
			showEnvVarsInLog = 0;
		};
		E8F07317CFC387147E556DA5 /* [CP] Check Pods Manifest.lock */ = {
			isa = PBXShellScriptBuildPhase;
			buildActionMask = 2147483647;
			files = (
			);
			inputFileListPaths = (
			);
			inputPaths = (
				"${PODS_PODFILE_DIR_PATH}/Podfile.lock",
				"${PODS_ROOT}/Manifest.lock",
			);
			name = "[CP] Check Pods Manifest.lock";
			outputFileListPaths = (
			);
			outputPaths = (
				"$(DERIVED_FILE_DIR)/Pods-Atty-checkManifestLockResult.txt",
			);
			runOnlyForDeploymentPostprocessing = 0;
			shellPath = /bin/sh;
			shellScript = "diff \"${PODS_PODFILE_DIR_PATH}/Podfile.lock\" \"${PODS_ROOT}/Manifest.lock\" > /dev/null\nif [ $? != 0 ] ; then\n    # print error to STDERR\n    echo \"error: The sandbox is not in sync with the Podfile.lock. Run 'pod install' or update your CocoaPods installation.\" >&2\n    exit 1\nfi\n# This output is used by Xcode 'outputs' to avoid re-running this script phase.\necho \"SUCCESS\" > \"${SCRIPT_OUTPUT_FILE_0}\"\n";
			showEnvVarsInLog = 0;
		};
/* End PBXShellScriptBuildPhase section */

/* Begin PBXSourcesBuildPhase section */
		7770279A2AE28F5E007CA2B7 /* Sources */ = {
			isa = PBXSourcesBuildPhase;
			buildActionMask = 2147483647;
			files = (
				77DB26FE2AE56D3600944822 /* AuthTFView.swift in Sources */,
				77DB27012AE5814D00944822 /* AuthButton.swift in Sources */,
				77048A272AFC701D00824E5F /* AddClientVC.swift in Sources */,
				774583402AF9B3B000340CBB /* ProjectsTV.swift in Sources */,
				77F9D54D2AF7C424002132D1 /* CourtMeet.swift in Sources */,
				777027A22AE28F5E007CA2B7 /* AppDelegate.swift in Sources */,
				77F9D54F2AF7CBF2002132D1 /* RealmDBService.swift in Sources */,
				779903C12B00228800B63303 /* ClientProjectsTV.swift in Sources */,
				77EB3F5A2AFA2D2A002AB368 /* Project.swift in Sources */,
				772D35AE2AEB2D8C00038AA6 /* FirebaseAuthService.swift in Sources */,
				774583382AF85DA100340CBB /* AddTaskVC.swift in Sources */,
				77F9D5432AF3C536002132D1 /* TaskTVC.swift in Sources */,
				7745833B2AF9AF2E00340CBB /* DoneTasksTV.swift in Sources */,
				77048A192AFBC42000824E5F /* ProjectDocumentsTV.swift in Sources */,
				774583302AF823A700340CBB /* TasksViewModel.swift in Sources */,
				77FBEC5F2AFFD5AB00D8FEC7 /* CourtCaseInfoVC.swift in Sources */,
				77048A322AFD429A00824E5F /* TasksByClientTV.swift in Sources */,
				77EB3F642AFACB4C002AB368 /* ProjectInfoTV.swift in Sources */,
				772D35A72AEA845300038AA6 /* CourtCasesVC.swift in Sources */,
				77EB3F5C2AFA40A2002AB368 /* ProjectsViewModel.swift in Sources */,
				774583422AF9B40400340CBB /* ProjectTVC.swift in Sources */,
				7717DFED2AFDAFF70010167A /* SegmentControllerView.swift in Sources */,
				77FBEC592AFFC6D400D8FEC7 /* PojectCourtCasesTV.swift in Sources */,
				772D359E2AEA82CC00038AA6 /* ProjectsVC.swift in Sources */,
				772D35A32AEA83D400038AA6 /* ClientsVC.swift in Sources */,
				779903C52B0047FB00B63303 /* SignUpVC.swift in Sources */,
				77FBEC5B2AFFD30400D8FEC7 /* AddCourtCaseVC.swift in Sources */,
				7745832C2AF8155900340CBB /* MainInfoView.swift in Sources */,
				772D35AC2AEA871700038AA6 /* TabBarItemEnum.swift in Sources */,
				774583322AF82C8000340CBB /* CourtsViewModel.swift in Sources */,
				77EB3F622AFA71BC002AB368 /* ProjectInfoVC.swift in Sources */,
				772D35AA2AEA84CC00038AA6 /* TasksVC.swift in Sources */,
				772D35BA2AF05BE500038AA6 /* NavigationBarController.swift in Sources */,
				77DB273D2AE72E9D00944822 /* Alert.swift in Sources */,
				77048A212AFC5F0500824E5F /* ClientsTV.swift in Sources */,
				77FBEC572AFFC2D900D8FEC7 /* CourtMeetsTV.swift in Sources */,
				7717DFEB2AFDA1D80010167A /* SegmentController.swift in Sources */,
				77DB26FB2AE5671900944822 /* DS.swift in Sources */,
				77048A292AFCD5C800824E5F /* ClientInfoVC.swift in Sources */,
				77F9D5382AF3A9C5002132D1 /* MainTV.swift in Sources */,
				77DB273B2AE724DB00944822 /* AuthViewModel.swift in Sources */,
				774583342AF84D6100340CBB /* TasksTV.swift in Sources */,
				77FBEC5D2AFFD57C00D8FEC7 /* CourtCaseInfoTV.swift in Sources */,
				779903BF2B001DA600B63303 /* User.swift in Sources */,
				777027A42AE28F5E007CA2B7 /* SceneDelegate.swift in Sources */,
				772D35972AE94F1100038AA6 /* ResetPasswordVC.swift in Sources */,
				77F9D53D2AF3BA15002132D1 /* HeaderTVC.swift in Sources */,
				77F9D5492AF7AF83002132D1 /* Task.swift in Sources */,
				77048A2E2AFD2C7200824E5F /* ProjectsByClientTV.swift in Sources */,
				77048A1F2AFC5BF900824E5F /* ClientsViewModel.swift in Sources */,
				77048A1D2AFC57DD00824E5F /* Client.swift in Sources */,
				77F9D54B2AF7BE16002132D1 /* CourtMeetTVC.swift in Sources */,
				772D35BE2AF0648F00038AA6 /* BaseViewContoller.swift in Sources */,
				77048A252AFC690300824E5F /* ArchiveClientsTV.swift in Sources */,
				77DB272D2AE5B18200944822 /* UIViewController + DismissGesture.swift in Sources */,
				77CE085F2AFEF0BF002E3144 /* CourtCasesTV.swift in Sources */,
				77CE085C2AFEEDAC002E3144 /* CourtCase.swift in Sources */,
				77048A2C2AFCDB1B00824E5F /* ClientInfoTV.swift in Sources */,
				77EB3F602AFA5E01002AB368 /* AddProjectVC.swift in Sources */,
				779903C32B0040AD00B63303 /* SignInVC.swift in Sources */,
				772D359C2AEA5DC700038AA6 /* NavigateTabBarController.swift in Sources */,
				7795AD9C2AE826E1007FC870 /* MainVC.swift in Sources */,
				77EB3F5E2AFA5D57002AB368 /* DoneProjectsTV.swift in Sources */,
				77048A232AFC60DC00824E5F /* ClientTVC.swift in Sources */,
				772D35C02AF1149D00038AA6 /* InfoView.swift in Sources */,
				772D35BC2AF05FB500038AA6 /* BaseNavBarView.swift in Sources */,
			);
			runOnlyForDeploymentPostprocessing = 0;
		};
/* End PBXSourcesBuildPhase section */

/* Begin PBXVariantGroup section */
		777027AC2AE28F61007CA2B7 /* LaunchScreen.storyboard */ = {
			isa = PBXVariantGroup;
			children = (
				777027AD2AE28F61007CA2B7 /* Base */,
			);
			name = LaunchScreen.storyboard;
			sourceTree = "<group>";
		};
/* End PBXVariantGroup section */

/* Begin XCBuildConfiguration section */
		777027B02AE28F61007CA2B7 /* Debug */ = {
			isa = XCBuildConfiguration;
			buildSettings = {
				ALWAYS_SEARCH_USER_PATHS = NO;
				CLANG_ANALYZER_NONNULL = YES;
				CLANG_ANALYZER_NUMBER_OBJECT_CONVERSION = YES_AGGRESSIVE;
				CLANG_CXX_LANGUAGE_STANDARD = "gnu++20";
				CLANG_ENABLE_MODULES = YES;
				CLANG_ENABLE_OBJC_ARC = YES;
				CLANG_ENABLE_OBJC_WEAK = YES;
				CLANG_WARN_BLOCK_CAPTURE_AUTORELEASING = YES;
				CLANG_WARN_BOOL_CONVERSION = YES;
				CLANG_WARN_COMMA = YES;
				CLANG_WARN_CONSTANT_CONVERSION = YES;
				CLANG_WARN_DEPRECATED_OBJC_IMPLEMENTATIONS = YES;
				CLANG_WARN_DIRECT_OBJC_ISA_USAGE = YES_ERROR;
				CLANG_WARN_DOCUMENTATION_COMMENTS = YES;
				CLANG_WARN_EMPTY_BODY = YES;
				CLANG_WARN_ENUM_CONVERSION = YES;
				CLANG_WARN_INFINITE_RECURSION = YES;
				CLANG_WARN_INT_CONVERSION = YES;
				CLANG_WARN_NON_LITERAL_NULL_CONVERSION = YES;
				CLANG_WARN_OBJC_IMPLICIT_RETAIN_SELF = YES;
				CLANG_WARN_OBJC_LITERAL_CONVERSION = YES;
				CLANG_WARN_OBJC_ROOT_CLASS = YES_ERROR;
				CLANG_WARN_QUOTED_INCLUDE_IN_FRAMEWORK_HEADER = YES;
				CLANG_WARN_RANGE_LOOP_ANALYSIS = YES;
				CLANG_WARN_STRICT_PROTOTYPES = YES;
				CLANG_WARN_SUSPICIOUS_MOVE = YES;
				CLANG_WARN_UNGUARDED_AVAILABILITY = YES_AGGRESSIVE;
				CLANG_WARN_UNREACHABLE_CODE = YES;
				CLANG_WARN__DUPLICATE_METHOD_MATCH = YES;
				COPY_PHASE_STRIP = NO;
				DEBUG_INFORMATION_FORMAT = dwarf;
				ENABLE_STRICT_OBJC_MSGSEND = YES;
				ENABLE_TESTABILITY = YES;
				GCC_C_LANGUAGE_STANDARD = gnu11;
				GCC_DYNAMIC_NO_PIC = NO;
				GCC_NO_COMMON_BLOCKS = YES;
				GCC_OPTIMIZATION_LEVEL = 0;
				GCC_PREPROCESSOR_DEFINITIONS = (
					"DEBUG=1",
					"$(inherited)",
				);
				GCC_WARN_64_TO_32_BIT_CONVERSION = YES;
				GCC_WARN_ABOUT_RETURN_TYPE = YES_ERROR;
				GCC_WARN_UNDECLARED_SELECTOR = YES;
				GCC_WARN_UNINITIALIZED_AUTOS = YES_AGGRESSIVE;
				GCC_WARN_UNUSED_FUNCTION = YES;
				GCC_WARN_UNUSED_VARIABLE = YES;
				IPHONEOS_DEPLOYMENT_TARGET = 16.4;
				MTL_ENABLE_DEBUG_INFO = INCLUDE_SOURCE;
				MTL_FAST_MATH = YES;
				ONLY_ACTIVE_ARCH = YES;
				SDKROOT = iphoneos;
				SWIFT_ACTIVE_COMPILATION_CONDITIONS = DEBUG;
				SWIFT_OPTIMIZATION_LEVEL = "-Onone";
			};
			name = Debug;
		};
		777027B12AE28F61007CA2B7 /* Release */ = {
			isa = XCBuildConfiguration;
			buildSettings = {
				ALWAYS_SEARCH_USER_PATHS = NO;
				CLANG_ANALYZER_NONNULL = YES;
				CLANG_ANALYZER_NUMBER_OBJECT_CONVERSION = YES_AGGRESSIVE;
				CLANG_CXX_LANGUAGE_STANDARD = "gnu++20";
				CLANG_ENABLE_MODULES = YES;
				CLANG_ENABLE_OBJC_ARC = YES;
				CLANG_ENABLE_OBJC_WEAK = YES;
				CLANG_WARN_BLOCK_CAPTURE_AUTORELEASING = YES;
				CLANG_WARN_BOOL_CONVERSION = YES;
				CLANG_WARN_COMMA = YES;
				CLANG_WARN_CONSTANT_CONVERSION = YES;
				CLANG_WARN_DEPRECATED_OBJC_IMPLEMENTATIONS = YES;
				CLANG_WARN_DIRECT_OBJC_ISA_USAGE = YES_ERROR;
				CLANG_WARN_DOCUMENTATION_COMMENTS = YES;
				CLANG_WARN_EMPTY_BODY = YES;
				CLANG_WARN_ENUM_CONVERSION = YES;
				CLANG_WARN_INFINITE_RECURSION = YES;
				CLANG_WARN_INT_CONVERSION = YES;
				CLANG_WARN_NON_LITERAL_NULL_CONVERSION = YES;
				CLANG_WARN_OBJC_IMPLICIT_RETAIN_SELF = YES;
				CLANG_WARN_OBJC_LITERAL_CONVERSION = YES;
				CLANG_WARN_OBJC_ROOT_CLASS = YES_ERROR;
				CLANG_WARN_QUOTED_INCLUDE_IN_FRAMEWORK_HEADER = YES;
				CLANG_WARN_RANGE_LOOP_ANALYSIS = YES;
				CLANG_WARN_STRICT_PROTOTYPES = YES;
				CLANG_WARN_SUSPICIOUS_MOVE = YES;
				CLANG_WARN_UNGUARDED_AVAILABILITY = YES_AGGRESSIVE;
				CLANG_WARN_UNREACHABLE_CODE = YES;
				CLANG_WARN__DUPLICATE_METHOD_MATCH = YES;
				COPY_PHASE_STRIP = NO;
				DEBUG_INFORMATION_FORMAT = "dwarf-with-dsym";
				ENABLE_NS_ASSERTIONS = NO;
				ENABLE_STRICT_OBJC_MSGSEND = YES;
				GCC_C_LANGUAGE_STANDARD = gnu11;
				GCC_NO_COMMON_BLOCKS = YES;
				GCC_WARN_64_TO_32_BIT_CONVERSION = YES;
				GCC_WARN_ABOUT_RETURN_TYPE = YES_ERROR;
				GCC_WARN_UNDECLARED_SELECTOR = YES;
				GCC_WARN_UNINITIALIZED_AUTOS = YES_AGGRESSIVE;
				GCC_WARN_UNUSED_FUNCTION = YES;
				GCC_WARN_UNUSED_VARIABLE = YES;
				IPHONEOS_DEPLOYMENT_TARGET = 16.4;
				MTL_ENABLE_DEBUG_INFO = NO;
				MTL_FAST_MATH = YES;
				SDKROOT = iphoneos;
				SWIFT_COMPILATION_MODE = wholemodule;
				SWIFT_OPTIMIZATION_LEVEL = "-O";
				VALIDATE_PRODUCT = YES;
			};
			name = Release;
		};
		777027B32AE28F61007CA2B7 /* Debug */ = {
			isa = XCBuildConfiguration;
			baseConfigurationReference = B2562F13ED507CA111A302CC /* Pods-Atty.debug.xcconfig */;
			buildSettings = {
				ASSETCATALOG_COMPILER_APPICON_NAME = AppIcon;
				ASSETCATALOG_COMPILER_GLOBAL_ACCENT_COLOR_NAME = AccentColor;
				CODE_SIGN_STYLE = Automatic;
				CURRENT_PROJECT_VERSION = 1;
				DEVELOPMENT_TEAM = HHTA648R26;
				GENERATE_INFOPLIST_FILE = YES;
				INFOPLIST_FILE = Atty/SupportingFiles/Info.plist;
				INFOPLIST_KEY_CFBundleDisplayName = Atty;
				INFOPLIST_KEY_UIApplicationSupportsIndirectInputEvents = YES;
				INFOPLIST_KEY_UILaunchStoryboardName = LaunchScreen;
				INFOPLIST_KEY_UIMainStoryboardFile = "";
				INFOPLIST_KEY_UISupportedInterfaceOrientations = UIInterfaceOrientationPortrait;
				IPHONEOS_DEPLOYMENT_TARGET = 15.0;
				LD_RUNPATH_SEARCH_PATHS = (
					"$(inherited)",
					"@executable_path/Frameworks",
				);
				MARKETING_VERSION = 1.0;
				PRODUCT_BUNDLE_IDENTIFIER = meeel.Atty;
				PRODUCT_NAME = "$(TARGET_NAME)";
				SWIFT_EMIT_LOC_STRINGS = YES;
				SWIFT_VERSION = 5.0;
				TARGETED_DEVICE_FAMILY = "1,2";
			};
			name = Debug;
		};
		777027B42AE28F61007CA2B7 /* Release */ = {
			isa = XCBuildConfiguration;
			baseConfigurationReference = 03D17BD1EA2D30A7839CC79C /* Pods-Atty.release.xcconfig */;
			buildSettings = {
				ASSETCATALOG_COMPILER_APPICON_NAME = AppIcon;
				ASSETCATALOG_COMPILER_GLOBAL_ACCENT_COLOR_NAME = AccentColor;
				CODE_SIGN_STYLE = Automatic;
				CURRENT_PROJECT_VERSION = 1;
				DEVELOPMENT_TEAM = HHTA648R26;
				GENERATE_INFOPLIST_FILE = YES;
				INFOPLIST_FILE = Atty/SupportingFiles/Info.plist;
				INFOPLIST_KEY_CFBundleDisplayName = Atty;
				INFOPLIST_KEY_UIApplicationSupportsIndirectInputEvents = YES;
				INFOPLIST_KEY_UILaunchStoryboardName = LaunchScreen;
				INFOPLIST_KEY_UIMainStoryboardFile = "";
				INFOPLIST_KEY_UISupportedInterfaceOrientations = UIInterfaceOrientationPortrait;
				IPHONEOS_DEPLOYMENT_TARGET = 15.0;
				LD_RUNPATH_SEARCH_PATHS = (
					"$(inherited)",
					"@executable_path/Frameworks",
				);
				MARKETING_VERSION = 1.0;
				PRODUCT_BUNDLE_IDENTIFIER = meeel.Atty;
				PRODUCT_NAME = "$(TARGET_NAME)";
				SWIFT_EMIT_LOC_STRINGS = YES;
				SWIFT_VERSION = 5.0;
				TARGETED_DEVICE_FAMILY = "1,2";
			};
			name = Release;
		};
/* End XCBuildConfiguration section */

/* Begin XCConfigurationList section */
		777027992AE28F5E007CA2B7 /* Build configuration list for PBXProject "Atty" */ = {
			isa = XCConfigurationList;
			buildConfigurations = (
				777027B02AE28F61007CA2B7 /* Debug */,
				777027B12AE28F61007CA2B7 /* Release */,
			);
			defaultConfigurationIsVisible = 0;
			defaultConfigurationName = Release;
		};
		777027B22AE28F61007CA2B7 /* Build configuration list for PBXNativeTarget "Atty" */ = {
			isa = XCConfigurationList;
			buildConfigurations = (
				777027B32AE28F61007CA2B7 /* Debug */,
				777027B42AE28F61007CA2B7 /* Release */,
			);
			defaultConfigurationIsVisible = 0;
			defaultConfigurationName = Release;
		};
/* End XCConfigurationList section */
	};
	rootObject = 777027962AE28F5E007CA2B7 /* Project object */;
}
